// !$*UTF8*$!
{
	archiveVersion = 1;
	classes = {
	};
	objectVersion = 51;
	objects = {

/* Begin PBXBuildFile section */
		2137EEBB24D054FF009B19FD /* AppDelegate.swift in Sources */ = {isa = PBXBuildFile; fileRef = 2137EEBA24D054FF009B19FD /* AppDelegate.swift */; };
		2137EEBD24D054FF009B19FD /* SceneDelegate.swift in Sources */ = {isa = PBXBuildFile; fileRef = 2137EEBC24D054FF009B19FD /* SceneDelegate.swift */; };
		2137EEBF24D054FF009B19FD /* RoomsViewController.swift in Sources */ = {isa = PBXBuildFile; fileRef = 2137EEBE24D054FF009B19FD /* RoomsViewController.swift */; };
		2137EEC724D05504009B19FD /* LaunchScreen.storyboard in Resources */ = {isa = PBXBuildFile; fileRef = 2137EEC524D05504009B19FD /* LaunchScreen.storyboard */; };
		2137EECF24D0662C009B19FD /* Assets.xcassets in Resources */ = {isa = PBXBuildFile; fileRef = 2137EECE24D0662C009B19FD /* Assets.xcassets */; };
		216D2B7824D5C30900CFFF02 /* ButtonCustomClass.swift in Sources */ = {isa = PBXBuildFile; fileRef = 216D2B7724D5C30900CFFF02 /* ButtonCustomClass.swift */; };
		740D1E00252F4097000253FA /* CollectionViewController.swift in Sources */ = {isa = PBXBuildFile; fileRef = 740D1DFF252F4097000253FA /* CollectionViewController.swift */; };
		740D1E03252F41A0000253FA /* CustomCollectionViewCell.swift in Sources */ = {isa = PBXBuildFile; fileRef = 740D1E01252F41A0000253FA /* CustomCollectionViewCell.swift */; };
		740D1E04252F41A0000253FA /* CustomCollectionViewCell.xib in Resources */ = {isa = PBXBuildFile; fileRef = 740D1E02252F41A0000253FA /* CustomCollectionViewCell.xib */; };
		740D1E06252F46BF000253FA /* CollectionViewController.storyboard in Resources */ = {isa = PBXBuildFile; fileRef = 740D1E05252F46BF000253FA /* CollectionViewController.storyboard */; };
		740D1E08252FA1DD000253FA /* ColorExtensions.swift in Sources */ = {isa = PBXBuildFile; fileRef = 740D1E07252FA1DD000253FA /* ColorExtensions.swift */; };
		740D1E0B25304872000253FA /* RoomsViewController.storyboard in Resources */ = {isa = PBXBuildFile; fileRef = 2137EEC024D054FF009B19FD /* RoomsViewController.storyboard */; };
		740D1E1025307EDC000253FA /* ToolBarWithPageControll.swift in Sources */ = {isa = PBXBuildFile; fileRef = 740D1E0F25307EDB000253FA /* ToolBarWithPageControll.swift */; };
		74171F1E2541B2B400746E9E /* CurrentRoomData.swift in Sources */ = {isa = PBXBuildFile; fileRef = 74171F1D2541B2B400746E9E /* CurrentRoomData.swift */; };
		74171F212541BBD000746E9E /* AimRoomData.swift in Sources */ = {isa = PBXBuildFile; fileRef = 74171F202541BBD000746E9E /* AimRoomData.swift */; };
		74210C7625DFF7A9002F75E3 /* CurrentScript.swift in Sources */ = {isa = PBXBuildFile; fileRef = 74210C7525DFF7A9002F75E3 /* CurrentScript.swift */; };
		74210C7A25DFFA65002F75E3 /* AimRoomScript.swift in Sources */ = {isa = PBXBuildFile; fileRef = 74210C7925DFFA65002F75E3 /* AimRoomScript.swift */; };
		74210C7E25DFFB2F002F75E3 /* AimRoomScripts.swift in Sources */ = {isa = PBXBuildFile; fileRef = 74210C7D25DFFB2F002F75E3 /* AimRoomScripts.swift */; };
		74210C8225DFFF8C002F75E3 /* ModelAimDataProtocol.swift in Sources */ = {isa = PBXBuildFile; fileRef = 74210C8125DFFF8C002F75E3 /* ModelAimDataProtocol.swift */; };
		74210C8525DFFFF3002F75E3 /* ModelAimData.swift in Sources */ = {isa = PBXBuildFile; fileRef = 74210C8425DFFFF3002F75E3 /* ModelAimData.swift */; };
		74210CA525E18F46002F75E3 /* NewUser.swift in Sources */ = {isa = PBXBuildFile; fileRef = 74210CA425E18F45002F75E3 /* NewUser.swift */; };
		742822B9258B95A5008F6524 /* ParserProtocol.swift in Sources */ = {isa = PBXBuildFile; fileRef = 742822B8258B95A5008F6524 /* ParserProtocol.swift */; };
		742822BE258B97A5008F6524 /* SwiftyParser.swift in Sources */ = {isa = PBXBuildFile; fileRef = 742822BD258B97A5008F6524 /* SwiftyParser.swift */; };
		742822C7258B9B12008F6524 /* RequestRoomConfigProtocol.swift in Sources */ = {isa = PBXBuildFile; fileRef = 742822C6258B9B12008F6524 /* RequestRoomConfigProtocol.swift */; };
		742822CF258B9F70008F6524 /* RequstProtocol.swift in Sources */ = {isa = PBXBuildFile; fileRef = 742822CE258B9F70008F6524 /* RequstProtocol.swift */; };
		742822D3258B9FB5008F6524 /* Requests.swift in Sources */ = {isa = PBXBuildFile; fileRef = 742822D2258B9FB5008F6524 /* Requests.swift */; };
		742822D6258BA41E008F6524 /* RequestsFactory.swift in Sources */ = {isa = PBXBuildFile; fileRef = 742822D5258BA41E008F6524 /* RequestsFactory.swift */; };
		742822DA258BCBA0008F6524 /* CoreAssembly.swift in Sources */ = {isa = PBXBuildFile; fileRef = 742822D9258BCBA0008F6524 /* CoreAssembly.swift */; };
		742822DF258BCDF9008F6524 /* RoomConfigsServiceProtocol.swift in Sources */ = {isa = PBXBuildFile; fileRef = 742822DE258BCDF9008F6524 /* RoomConfigsServiceProtocol.swift */; };
		742822E3258BCF81008F6524 /* RoomConfigsService.swift in Sources */ = {isa = PBXBuildFile; fileRef = 742822E2258BCF81008F6524 /* RoomConfigsService.swift */; };
		742822E6258BD3BA008F6524 /* ServiceAssembly.swift in Sources */ = {isa = PBXBuildFile; fileRef = 742822E5258BD3BA008F6524 /* ServiceAssembly.swift */; };
		742822E9258BDA6F008F6524 /* PresentationAssembly.swift in Sources */ = {isa = PBXBuildFile; fileRef = 742822E8258BDA6F008F6524 /* PresentationAssembly.swift */; };
		742822ED258BDF44008F6524 /* MenuListController.swift in Sources */ = {isa = PBXBuildFile; fileRef = 742822EC258BDF44008F6524 /* MenuListController.swift */; };
		742822F0258BF7B5008F6524 /* RootAssembly.swift in Sources */ = {isa = PBXBuildFile; fileRef = 742822EF258BF7B5008F6524 /* RootAssembly.swift */; };
		742822F6258CA0FA008F6524 /* ModelRoomsConfig.swift in Sources */ = {isa = PBXBuildFile; fileRef = 742822F5258CA0FA008F6524 /* ModelRoomsConfig.swift */; };
		74282336258CDA35008F6524 /* RequestAppDatchikProtocol.swift in Sources */ = {isa = PBXBuildFile; fileRef = 74282335258CDA35008F6524 /* RequestAppDatchikProtocol.swift */; };
		7428233B258CE22E008F6524 /* AppDatchikServiceProtocol.swift in Sources */ = {isa = PBXBuildFile; fileRef = 7428233A258CE22E008F6524 /* AppDatchikServiceProtocol.swift */; };
		7428233E258CE2C2008F6524 /* AppDatchikService.swift in Sources */ = {isa = PBXBuildFile; fileRef = 7428233D258CE2C2008F6524 /* AppDatchikService.swift */; };
		74282341258CE981008F6524 /* ModelAppDatchik.swift in Sources */ = {isa = PBXBuildFile; fileRef = 74282340258CE981008F6524 /* ModelAppDatchik.swift */; };
		74282347258CEA07008F6524 /* ModelRoomsConfigProtocol.swift in Sources */ = {isa = PBXBuildFile; fileRef = 74282346258CEA07008F6524 /* ModelRoomsConfigProtocol.swift */; };
		743B8FC624E2EE5B009A929A /* ActivityIndicator.swift in Sources */ = {isa = PBXBuildFile; fileRef = 743B8FC524E2EE5B009A929A /* ActivityIndicator.swift */; };
		743B8FC824E5D612009A929A /* TemperatureConfiguration.swift in Sources */ = {isa = PBXBuildFile; fileRef = 743B8FC724E5D612009A929A /* TemperatureConfiguration.swift */; };
		7457B97624DDCC4C00C16A0E /* ViewCustomClass.swift in Sources */ = {isa = PBXBuildFile; fileRef = 7457B97524DDCC4C00C16A0E /* ViewCustomClass.swift */; };
		7457B97D24DF26F100C16A0E /* RequestRoomConfig.swift in Sources */ = {isa = PBXBuildFile; fileRef = 7457B97C24DF26F100C16A0E /* RequestRoomConfig.swift */; };
		745DE3962630724E000DA00F /* SignInViewController.storyboard in Resources */ = {isa = PBXBuildFile; fileRef = 745DE3952630724E000DA00F /* SignInViewController.storyboard */; };
		746C354A25ACAB3B006CDBCD /* ScriptCurrentRoomsViewController.swift in Sources */ = {isa = PBXBuildFile; fileRef = 746C354925ACAB3B006CDBCD /* ScriptCurrentRoomsViewController.swift */; };
		746C354F25ACAC05006CDBCD /* CurrentRoomsViewController.storyboard in Resources */ = {isa = PBXBuildFile; fileRef = 746C354E25ACAC05006CDBCD /* CurrentRoomsViewController.storyboard */; };
		746C355B25ACC240006CDBCD /* CurrentRoomsTableViewCell.swift in Sources */ = {isa = PBXBuildFile; fileRef = 746C355925ACC240006CDBCD /* CurrentRoomsTableViewCell.swift */; };
		746C355C25ACC240006CDBCD /* CurrentRoomsTableViewCell.xib in Resources */ = {isa = PBXBuildFile; fileRef = 746C355A25ACC240006CDBCD /* CurrentRoomsTableViewCell.xib */; };
		7470603C25ABA27200C4CC93 /* NetworkScriptsLoad.swift in Sources */ = {isa = PBXBuildFile; fileRef = 7470603B25ABA27100C4CC93 /* NetworkScriptsLoad.swift */; };
		74754F5A24E296CE008F07A3 /* RequestAppDatchik.swift in Sources */ = {isa = PBXBuildFile; fileRef = 74754F5924E296CE008F07A3 /* RequestAppDatchik.swift */; };
		747F25C525B48A1200DA4FD9 /* ScriptCurrentDaysViewController.swift in Sources */ = {isa = PBXBuildFile; fileRef = 747F25C425B48A1200DA4FD9 /* ScriptCurrentDaysViewController.swift */; };
		747F25C925B48B9B00DA4FD9 /* ScriptCurrentDaysViewController.storyboard in Resources */ = {isa = PBXBuildFile; fileRef = 747F25C825B48B9B00DA4FD9 /* ScriptCurrentDaysViewController.storyboard */; };
		747F25CD25B48D0400DA4FD9 /* CurrentDaysTableViewCell.swift in Sources */ = {isa = PBXBuildFile; fileRef = 747F25CB25B48D0400DA4FD9 /* CurrentDaysTableViewCell.swift */; };
		747F25CE25B48D0400DA4FD9 /* CurrentDaysTableViewCell.xib in Resources */ = {isa = PBXBuildFile; fileRef = 747F25CC25B48D0400DA4FD9 /* CurrentDaysTableViewCell.xib */; };
		7480039224E13D24006DEBDE /* LabelRightSideCustomClass.swift in Sources */ = {isa = PBXBuildFile; fileRef = 7480039124E13D24006DEBDE /* LabelRightSideCustomClass.swift */; };
		7480039624E13ED4006DEBDE /* ButtonLeftSideCustomClass.swift in Sources */ = {isa = PBXBuildFile; fileRef = 7480039524E13ED4006DEBDE /* ButtonLeftSideCustomClass.swift */; };
		7480039824E13F85006DEBDE /* ImageViewLeftSideCustomClass.swift in Sources */ = {isa = PBXBuildFile; fileRef = 7480039724E13F85006DEBDE /* ImageViewLeftSideCustomClass.swift */; };
		7480039C24E1406A006DEBDE /* LabelLeftSideCustomClass.swift in Sources */ = {isa = PBXBuildFile; fileRef = 7480039B24E1406A006DEBDE /* LabelLeftSideCustomClass.swift */; };
		7480039E24E14203006DEBDE /* LabelGradientCustomClass.swift in Sources */ = {isa = PBXBuildFile; fileRef = 7480039D24E14203006DEBDE /* LabelGradientCustomClass.swift */; };
		748003A224E14457006DEBDE /* ButtonRightSideCustomClass.swift in Sources */ = {isa = PBXBuildFile; fileRef = 748003A124E14457006DEBDE /* ButtonRightSideCustomClass.swift */; };
		7483E07525C95BEC005DF7B4 /* NetworkSetScript.swift in Sources */ = {isa = PBXBuildFile; fileRef = 7483E07425C95BEC005DF7B4 /* NetworkSetScript.swift */; };
		748426EB25169446006A09F7 /* NavigationBar.swift in Sources */ = {isa = PBXBuildFile; fileRef = 748426EA25169446006A09F7 /* NavigationBar.swift */; };
		748426EF25174CB1006A09F7 /* StringExtension.swift in Sources */ = {isa = PBXBuildFile; fileRef = 748426EE25174CB1006A09F7 /* StringExtension.swift */; };
		748426F125175B0A006A09F7 /* StackExtension.swift in Sources */ = {isa = PBXBuildFile; fileRef = 748426F025175B0A006A09F7 /* StackExtension.swift */; };
		7497521F25596CDA00B88A21 /* ScriptsViewController.storyboard in Resources */ = {isa = PBXBuildFile; fileRef = 7497521E25596CDA00B88A21 /* ScriptsViewController.storyboard */; };
		749752242559707600B88A21 /* CustomTableViewCell.swift in Sources */ = {isa = PBXBuildFile; fileRef = 749752222559707600B88A21 /* CustomTableViewCell.swift */; };
		749752252559707600B88A21 /* CustomTableViewCell.xib in Resources */ = {isa = PBXBuildFile; fileRef = 749752232559707600B88A21 /* CustomTableViewCell.xib */; };
		7497522725597D6100B88A21 /* ScriptsViewController.swift in Sources */ = {isa = PBXBuildFile; fileRef = 7497522625597D6000B88A21 /* ScriptsViewController.swift */; };
		74975229255990F700B88A21 /* NewScriptViewController.swift in Sources */ = {isa = PBXBuildFile; fileRef = 74975228255990F700B88A21 /* NewScriptViewController.swift */; };
		7497522C2559913400B88A21 /* NewScriptViewController.storyboard in Resources */ = {isa = PBXBuildFile; fileRef = 7497522B2559913400B88A21 /* NewScriptViewController.storyboard */; };
		7497522E2559995200B88A21 /* ScriptForRoomViewController.swift in Sources */ = {isa = PBXBuildFile; fileRef = 7497522D2559995200B88A21 /* ScriptForRoomViewController.swift */; };
		749752302559997400B88A21 /* ScriptForRoomViewController.storyboard in Resources */ = {isa = PBXBuildFile; fileRef = 7497522F2559997400B88A21 /* ScriptForRoomViewController.storyboard */; };
		7497523425599B6F00B88A21 /* ScriptForRoomTableViewCell.swift in Sources */ = {isa = PBXBuildFile; fileRef = 7497523225599B6F00B88A21 /* ScriptForRoomTableViewCell.swift */; };
		7497523525599B6F00B88A21 /* ScriptForRoomTableViewCell.xib in Resources */ = {isa = PBXBuildFile; fileRef = 7497523325599B6F00B88A21 /* ScriptForRoomTableViewCell.xib */; };
		749752372559A18500B88A21 /* ScriptForDaysViewController.swift in Sources */ = {isa = PBXBuildFile; fileRef = 749752362559A18400B88A21 /* ScriptForDaysViewController.swift */; };
		7497523B2559A1E100B88A21 /* ScriptForDaysTableViewCell.swift in Sources */ = {isa = PBXBuildFile; fileRef = 749752392559A1E100B88A21 /* ScriptForDaysTableViewCell.swift */; };
		7497523C2559A1E100B88A21 /* ScriptForDaysTableViewCell.xib in Resources */ = {isa = PBXBuildFile; fileRef = 7497523A2559A1E100B88A21 /* ScriptForDaysTableViewCell.xib */; };
		7497523E2559A2BB00B88A21 /* ScriptForDaysViewController.storyboard in Resources */ = {isa = PBXBuildFile; fileRef = 7497523D2559A2BB00B88A21 /* ScriptForDaysViewController.storyboard */; };
		74A551B0256BF7F200A562FB /* GradientExtension.swift in Sources */ = {isa = PBXBuildFile; fileRef = 74A551AF256BF7F200A562FB /* GradientExtension.swift */; };
		74AF36352619EA0D007D5832 /* CompleteScript.swift in Sources */ = {isa = PBXBuildFile; fileRef = 74AF36342619EA0D007D5832 /* CompleteScript.swift */; };
		74AF3639261A3D67007D5832 /* UpdateScript.swift in Sources */ = {isa = PBXBuildFile; fileRef = 74AF3638261A3D67007D5832 /* UpdateScript.swift */; };
		74AF363E261B5528007D5832 /* ChangeTemp.swift in Sources */ = {isa = PBXBuildFile; fileRef = 74AF363D261B5528007D5832 /* ChangeTemp.swift */; };
		74B5E814257D312100483972 /* Script.swift in Sources */ = {isa = PBXBuildFile; fileRef = 74B5E813257D312000483972 /* Script.swift */; };
		74B5E816257D316F00483972 /* NetworkScript.swift in Sources */ = {isa = PBXBuildFile; fileRef = 74B5E815257D316F00483972 /* NetworkScript.swift */; };
		74B5E818257D339600483972 /* ScriptCreater.swift in Sources */ = {isa = PBXBuildFile; fileRef = 74B5E817257D339600483972 /* ScriptCreater.swift */; };
		74BB126325C9053200C51F1D /* ModelAppDatchikProtocol.swift in Sources */ = {isa = PBXBuildFile; fileRef = 74BB126225C9053200C51F1D /* ModelAppDatchikProtocol.swift */; };
		74BF502C256679FB00DE45D1 /* ScriptServiceViewController.storyboard in Resources */ = {isa = PBXBuildFile; fileRef = 74BF502B256679FB00DE45D1 /* ScriptServiceViewController.storyboard */; };
		74BF502E25667A7B00DE45D1 /* ScriptServiceViewController.swift in Sources */ = {isa = PBXBuildFile; fileRef = 74BF502D25667A7B00DE45D1 /* ScriptServiceViewController.swift */; };
		74BF503125667AD200DE45D1 /* ScriptServiceTableViewCell.swift in Sources */ = {isa = PBXBuildFile; fileRef = 74BF502F25667AD200DE45D1 /* ScriptServiceTableViewCell.swift */; };
		74BF503225667AD200DE45D1 /* ScriptServiceTableViewCell.xib in Resources */ = {isa = PBXBuildFile; fileRef = 74BF503025667AD200DE45D1 /* ScriptServiceTableViewCell.xib */; };
		74D3A18125CBF79800333DFD /* DeleteScript.swift in Sources */ = {isa = PBXBuildFile; fileRef = 74D3A18025CBF79800333DFD /* DeleteScript.swift */; };
		74D65C9325840EC2007588F7 /* SignInViewController.swift in Sources */ = {isa = PBXBuildFile; fileRef = 74D65C9225840EC2007588F7 /* SignInViewController.swift */; };
		74D8C3BC258FD93300C46F85 /* CellDelegate.swift in Sources */ = {isa = PBXBuildFile; fileRef = 74D8C3BB258FD93300C46F85 /* CellDelegate.swift */; };
		74EB9A7C262433CC00919F0E /* VentilateRoom.swift in Sources */ = {isa = PBXBuildFile; fileRef = 74EB9A7B262433CC00919F0E /* VentilateRoom.swift */; };
		74EB9A8226244CE100919F0E /* LaunchScreenViewController.swift in Sources */ = {isa = PBXBuildFile; fileRef = 74EB9A8126244CE100919F0E /* LaunchScreenViewController.swift */; };
		74EB9A8526244D0100919F0E /* LaunchScreenViewController.storyboard in Resources */ = {isa = PBXBuildFile; fileRef = 74EB9A8426244D0100919F0E /* LaunchScreenViewController.storyboard */; };
		B9D138C36E79696786777963 /* Pods_IndoorClimateControlSystems.framework in Frameworks */ = {isa = PBXBuildFile; fileRef = 05B2F9E4F819DE1EBBADD153 /* Pods_IndoorClimateControlSystems.framework */; };
/* End PBXBuildFile section */

/* Begin PBXFileReference section */
		05B2F9E4F819DE1EBBADD153 /* Pods_IndoorClimateControlSystems.framework */ = {isa = PBXFileReference; explicitFileType = wrapper.framework; includeInIndex = 0; path = Pods_IndoorClimateControlSystems.framework; sourceTree = BUILT_PRODUCTS_DIR; };
		2137EEB724D054FF009B19FD /* IndoorClimateControlSystems.app */ = {isa = PBXFileReference; explicitFileType = wrapper.application; includeInIndex = 0; path = IndoorClimateControlSystems.app; sourceTree = BUILT_PRODUCTS_DIR; };
		2137EEBA24D054FF009B19FD /* AppDelegate.swift */ = {isa = PBXFileReference; lastKnownFileType = sourcecode.swift; path = AppDelegate.swift; sourceTree = "<group>"; };
		2137EEBC24D054FF009B19FD /* SceneDelegate.swift */ = {isa = PBXFileReference; lastKnownFileType = sourcecode.swift; path = SceneDelegate.swift; sourceTree = "<group>"; };
		2137EEBE24D054FF009B19FD /* RoomsViewController.swift */ = {isa = PBXFileReference; lastKnownFileType = sourcecode.swift; path = RoomsViewController.swift; sourceTree = "<group>"; };
		2137EEC124D054FF009B19FD /* Base */ = {isa = PBXFileReference; lastKnownFileType = file.storyboard; name = Base; path = Base.lproj/RoomsViewController.storyboard; sourceTree = "<group>"; };
		2137EEC624D05504009B19FD /* Base */ = {isa = PBXFileReference; lastKnownFileType = file.storyboard; name = Base; path = Base.lproj/LaunchScreen.storyboard; sourceTree = "<group>"; };
		2137EEC824D05504009B19FD /* Info.plist */ = {isa = PBXFileReference; lastKnownFileType = text.plist.xml; path = Info.plist; sourceTree = "<group>"; };
		2137EECE24D0662C009B19FD /* Assets.xcassets */ = {isa = PBXFileReference; lastKnownFileType = folder.assetcatalog; path = Assets.xcassets; sourceTree = "<group>"; };
		216D2B7724D5C30900CFFF02 /* ButtonCustomClass.swift */ = {isa = PBXFileReference; lastKnownFileType = sourcecode.swift; path = ButtonCustomClass.swift; sourceTree = "<group>"; };
		740D1DFF252F4097000253FA /* CollectionViewController.swift */ = {isa = PBXFileReference; lastKnownFileType = sourcecode.swift; path = CollectionViewController.swift; sourceTree = "<group>"; };
		740D1E01252F41A0000253FA /* CustomCollectionViewCell.swift */ = {isa = PBXFileReference; lastKnownFileType = sourcecode.swift; path = CustomCollectionViewCell.swift; sourceTree = "<group>"; };
		740D1E02252F41A0000253FA /* CustomCollectionViewCell.xib */ = {isa = PBXFileReference; lastKnownFileType = file.xib; path = CustomCollectionViewCell.xib; sourceTree = "<group>"; };
		740D1E05252F46BF000253FA /* CollectionViewController.storyboard */ = {isa = PBXFileReference; lastKnownFileType = file.storyboard; path = CollectionViewController.storyboard; sourceTree = "<group>"; };
		740D1E07252FA1DD000253FA /* ColorExtensions.swift */ = {isa = PBXFileReference; lastKnownFileType = sourcecode.swift; path = ColorExtensions.swift; sourceTree = "<group>"; };
		740D1E0F25307EDB000253FA /* ToolBarWithPageControll.swift */ = {isa = PBXFileReference; lastKnownFileType = sourcecode.swift; path = ToolBarWithPageControll.swift; sourceTree = "<group>"; };
		74171F1D2541B2B400746E9E /* CurrentRoomData.swift */ = {isa = PBXFileReference; lastKnownFileType = sourcecode.swift; path = CurrentRoomData.swift; sourceTree = "<group>"; };
		74171F202541BBD000746E9E /* AimRoomData.swift */ = {isa = PBXFileReference; lastKnownFileType = sourcecode.swift; path = AimRoomData.swift; sourceTree = "<group>"; };
		74210C7525DFF7A9002F75E3 /* CurrentScript.swift */ = {isa = PBXFileReference; lastKnownFileType = sourcecode.swift; path = CurrentScript.swift; sourceTree = "<group>"; };
		74210C7925DFFA65002F75E3 /* AimRoomScript.swift */ = {isa = PBXFileReference; lastKnownFileType = sourcecode.swift; path = AimRoomScript.swift; sourceTree = "<group>"; };
		74210C7D25DFFB2F002F75E3 /* AimRoomScripts.swift */ = {isa = PBXFileReference; lastKnownFileType = sourcecode.swift; path = AimRoomScripts.swift; sourceTree = "<group>"; };
		74210C8125DFFF8C002F75E3 /* ModelAimDataProtocol.swift */ = {isa = PBXFileReference; lastKnownFileType = sourcecode.swift; path = ModelAimDataProtocol.swift; sourceTree = "<group>"; };
		74210C8425DFFFF3002F75E3 /* ModelAimData.swift */ = {isa = PBXFileReference; lastKnownFileType = sourcecode.swift; path = ModelAimData.swift; sourceTree = "<group>"; };
		74210CA425E18F45002F75E3 /* NewUser.swift */ = {isa = PBXFileReference; lastKnownFileType = sourcecode.swift; path = NewUser.swift; sourceTree = "<group>"; };
		742822B8258B95A5008F6524 /* ParserProtocol.swift */ = {isa = PBXFileReference; lastKnownFileType = sourcecode.swift; path = ParserProtocol.swift; sourceTree = "<group>"; };
		742822BD258B97A5008F6524 /* SwiftyParser.swift */ = {isa = PBXFileReference; lastKnownFileType = sourcecode.swift; path = SwiftyParser.swift; sourceTree = "<group>"; };
		742822C6258B9B12008F6524 /* RequestRoomConfigProtocol.swift */ = {isa = PBXFileReference; lastKnownFileType = sourcecode.swift; path = RequestRoomConfigProtocol.swift; sourceTree = "<group>"; };
		742822CE258B9F70008F6524 /* RequstProtocol.swift */ = {isa = PBXFileReference; lastKnownFileType = sourcecode.swift; path = RequstProtocol.swift; sourceTree = "<group>"; };
		742822D2258B9FB5008F6524 /* Requests.swift */ = {isa = PBXFileReference; lastKnownFileType = sourcecode.swift; path = Requests.swift; sourceTree = "<group>"; };
		742822D5258BA41E008F6524 /* RequestsFactory.swift */ = {isa = PBXFileReference; lastKnownFileType = sourcecode.swift; path = RequestsFactory.swift; sourceTree = "<group>"; };
		742822D9258BCBA0008F6524 /* CoreAssembly.swift */ = {isa = PBXFileReference; lastKnownFileType = sourcecode.swift; path = CoreAssembly.swift; sourceTree = "<group>"; };
		742822DE258BCDF9008F6524 /* RoomConfigsServiceProtocol.swift */ = {isa = PBXFileReference; lastKnownFileType = sourcecode.swift; path = RoomConfigsServiceProtocol.swift; sourceTree = "<group>"; };
		742822E2258BCF81008F6524 /* RoomConfigsService.swift */ = {isa = PBXFileReference; lastKnownFileType = sourcecode.swift; path = RoomConfigsService.swift; sourceTree = "<group>"; };
		742822E5258BD3BA008F6524 /* ServiceAssembly.swift */ = {isa = PBXFileReference; lastKnownFileType = sourcecode.swift; path = ServiceAssembly.swift; sourceTree = "<group>"; };
		742822E8258BDA6F008F6524 /* PresentationAssembly.swift */ = {isa = PBXFileReference; lastKnownFileType = sourcecode.swift; path = PresentationAssembly.swift; sourceTree = "<group>"; };
		742822EC258BDF44008F6524 /* MenuListController.swift */ = {isa = PBXFileReference; lastKnownFileType = sourcecode.swift; path = MenuListController.swift; sourceTree = "<group>"; };
		742822EF258BF7B5008F6524 /* RootAssembly.swift */ = {isa = PBXFileReference; lastKnownFileType = sourcecode.swift; path = RootAssembly.swift; sourceTree = "<group>"; };
		742822F5258CA0FA008F6524 /* ModelRoomsConfig.swift */ = {isa = PBXFileReference; lastKnownFileType = sourcecode.swift; path = ModelRoomsConfig.swift; sourceTree = "<group>"; };
		74282335258CDA35008F6524 /* RequestAppDatchikProtocol.swift */ = {isa = PBXFileReference; lastKnownFileType = sourcecode.swift; path = RequestAppDatchikProtocol.swift; sourceTree = "<group>"; };
		7428233A258CE22E008F6524 /* AppDatchikServiceProtocol.swift */ = {isa = PBXFileReference; lastKnownFileType = sourcecode.swift; path = AppDatchikServiceProtocol.swift; sourceTree = "<group>"; };
		7428233D258CE2C2008F6524 /* AppDatchikService.swift */ = {isa = PBXFileReference; lastKnownFileType = sourcecode.swift; path = AppDatchikService.swift; sourceTree = "<group>"; };
		74282340258CE981008F6524 /* ModelAppDatchik.swift */ = {isa = PBXFileReference; lastKnownFileType = sourcecode.swift; path = ModelAppDatchik.swift; sourceTree = "<group>"; };
		74282346258CEA07008F6524 /* ModelRoomsConfigProtocol.swift */ = {isa = PBXFileReference; lastKnownFileType = sourcecode.swift; path = ModelRoomsConfigProtocol.swift; sourceTree = "<group>"; };
		743B8FC524E2EE5B009A929A /* ActivityIndicator.swift */ = {isa = PBXFileReference; lastKnownFileType = sourcecode.swift; path = ActivityIndicator.swift; sourceTree = "<group>"; };
		743B8FC724E5D612009A929A /* TemperatureConfiguration.swift */ = {isa = PBXFileReference; lastKnownFileType = sourcecode.swift; path = TemperatureConfiguration.swift; sourceTree = "<group>"; };
		7457B97524DDCC4C00C16A0E /* ViewCustomClass.swift */ = {isa = PBXFileReference; lastKnownFileType = sourcecode.swift; path = ViewCustomClass.swift; sourceTree = "<group>"; };
		7457B97C24DF26F100C16A0E /* RequestRoomConfig.swift */ = {isa = PBXFileReference; lastKnownFileType = sourcecode.swift; path = RequestRoomConfig.swift; sourceTree = "<group>"; };
		745DE3952630724E000DA00F /* SignInViewController.storyboard */ = {isa = PBXFileReference; lastKnownFileType = file.storyboard; path = SignInViewController.storyboard; sourceTree = "<group>"; };
		746C354925ACAB3B006CDBCD /* ScriptCurrentRoomsViewController.swift */ = {isa = PBXFileReference; lastKnownFileType = sourcecode.swift; path = ScriptCurrentRoomsViewController.swift; sourceTree = "<group>"; };
		746C354E25ACAC05006CDBCD /* CurrentRoomsViewController.storyboard */ = {isa = PBXFileReference; lastKnownFileType = file.storyboard; path = CurrentRoomsViewController.storyboard; sourceTree = "<group>"; };
		746C355925ACC240006CDBCD /* CurrentRoomsTableViewCell.swift */ = {isa = PBXFileReference; lastKnownFileType = sourcecode.swift; path = CurrentRoomsTableViewCell.swift; sourceTree = "<group>"; };
		746C355A25ACC240006CDBCD /* CurrentRoomsTableViewCell.xib */ = {isa = PBXFileReference; lastKnownFileType = file.xib; path = CurrentRoomsTableViewCell.xib; sourceTree = "<group>"; };
		7470603025A0AAE600C4CC93 /* Config.xcconfig */ = {isa = PBXFileReference; lastKnownFileType = text.xcconfig; path = Config.xcconfig; sourceTree = "<group>"; };
		7470603B25ABA27100C4CC93 /* NetworkScriptsLoad.swift */ = {isa = PBXFileReference; lastKnownFileType = sourcecode.swift; path = NetworkScriptsLoad.swift; sourceTree = "<group>"; };
		74754F5924E296CE008F07A3 /* RequestAppDatchik.swift */ = {isa = PBXFileReference; lastKnownFileType = sourcecode.swift; path = RequestAppDatchik.swift; sourceTree = "<group>"; };
		747F25C425B48A1200DA4FD9 /* ScriptCurrentDaysViewController.swift */ = {isa = PBXFileReference; lastKnownFileType = sourcecode.swift; path = ScriptCurrentDaysViewController.swift; sourceTree = "<group>"; };
		747F25C825B48B9B00DA4FD9 /* ScriptCurrentDaysViewController.storyboard */ = {isa = PBXFileReference; lastKnownFileType = file.storyboard; path = ScriptCurrentDaysViewController.storyboard; sourceTree = "<group>"; };
		747F25CB25B48D0400DA4FD9 /* CurrentDaysTableViewCell.swift */ = {isa = PBXFileReference; lastKnownFileType = sourcecode.swift; path = CurrentDaysTableViewCell.swift; sourceTree = "<group>"; };
		747F25CC25B48D0400DA4FD9 /* CurrentDaysTableViewCell.xib */ = {isa = PBXFileReference; lastKnownFileType = file.xib; path = CurrentDaysTableViewCell.xib; sourceTree = "<group>"; };
		7480039124E13D24006DEBDE /* LabelRightSideCustomClass.swift */ = {isa = PBXFileReference; lastKnownFileType = sourcecode.swift; path = LabelRightSideCustomClass.swift; sourceTree = "<group>"; };
		7480039524E13ED4006DEBDE /* ButtonLeftSideCustomClass.swift */ = {isa = PBXFileReference; lastKnownFileType = sourcecode.swift; path = ButtonLeftSideCustomClass.swift; sourceTree = "<group>"; };
		7480039724E13F85006DEBDE /* ImageViewLeftSideCustomClass.swift */ = {isa = PBXFileReference; lastKnownFileType = sourcecode.swift; path = ImageViewLeftSideCustomClass.swift; sourceTree = "<group>"; };
		7480039B24E1406A006DEBDE /* LabelLeftSideCustomClass.swift */ = {isa = PBXFileReference; lastKnownFileType = sourcecode.swift; path = LabelLeftSideCustomClass.swift; sourceTree = "<group>"; };
		7480039D24E14203006DEBDE /* LabelGradientCustomClass.swift */ = {isa = PBXFileReference; lastKnownFileType = sourcecode.swift; path = LabelGradientCustomClass.swift; sourceTree = "<group>"; };
		748003A124E14457006DEBDE /* ButtonRightSideCustomClass.swift */ = {isa = PBXFileReference; lastKnownFileType = sourcecode.swift; path = ButtonRightSideCustomClass.swift; sourceTree = "<group>"; };
		7483E07425C95BEC005DF7B4 /* NetworkSetScript.swift */ = {isa = PBXFileReference; lastKnownFileType = sourcecode.swift; path = NetworkSetScript.swift; sourceTree = "<group>"; };
		748426EA25169446006A09F7 /* NavigationBar.swift */ = {isa = PBXFileReference; lastKnownFileType = sourcecode.swift; path = NavigationBar.swift; sourceTree = "<group>"; };
		748426EE25174CB1006A09F7 /* StringExtension.swift */ = {isa = PBXFileReference; lastKnownFileType = sourcecode.swift; path = StringExtension.swift; sourceTree = "<group>"; };
		748426F025175B0A006A09F7 /* StackExtension.swift */ = {isa = PBXFileReference; lastKnownFileType = sourcecode.swift; path = StackExtension.swift; sourceTree = "<group>"; };
		749752162555667B00B88A21 /* IndoorClimateControlSystems.entitlements */ = {isa = PBXFileReference; lastKnownFileType = text.plist.entitlements; path = IndoorClimateControlSystems.entitlements; sourceTree = "<group>"; };
		7497521E25596CDA00B88A21 /* ScriptsViewController.storyboard */ = {isa = PBXFileReference; lastKnownFileType = file.storyboard; path = ScriptsViewController.storyboard; sourceTree = "<group>"; };
		749752222559707600B88A21 /* CustomTableViewCell.swift */ = {isa = PBXFileReference; lastKnownFileType = sourcecode.swift; path = CustomTableViewCell.swift; sourceTree = "<group>"; };
		749752232559707600B88A21 /* CustomTableViewCell.xib */ = {isa = PBXFileReference; lastKnownFileType = file.xib; path = CustomTableViewCell.xib; sourceTree = "<group>"; };
		7497522625597D6000B88A21 /* ScriptsViewController.swift */ = {isa = PBXFileReference; lastKnownFileType = sourcecode.swift; path = ScriptsViewController.swift; sourceTree = "<group>"; };
		74975228255990F700B88A21 /* NewScriptViewController.swift */ = {isa = PBXFileReference; lastKnownFileType = sourcecode.swift; path = NewScriptViewController.swift; sourceTree = "<group>"; };
		7497522B2559913400B88A21 /* NewScriptViewController.storyboard */ = {isa = PBXFileReference; lastKnownFileType = file.storyboard; path = NewScriptViewController.storyboard; sourceTree = "<group>"; };
		7497522D2559995200B88A21 /* ScriptForRoomViewController.swift */ = {isa = PBXFileReference; lastKnownFileType = sourcecode.swift; path = ScriptForRoomViewController.swift; sourceTree = "<group>"; };
		7497522F2559997400B88A21 /* ScriptForRoomViewController.storyboard */ = {isa = PBXFileReference; lastKnownFileType = file.storyboard; path = ScriptForRoomViewController.storyboard; sourceTree = "<group>"; };
		7497523225599B6F00B88A21 /* ScriptForRoomTableViewCell.swift */ = {isa = PBXFileReference; lastKnownFileType = sourcecode.swift; path = ScriptForRoomTableViewCell.swift; sourceTree = "<group>"; };
		7497523325599B6F00B88A21 /* ScriptForRoomTableViewCell.xib */ = {isa = PBXFileReference; lastKnownFileType = file.xib; path = ScriptForRoomTableViewCell.xib; sourceTree = "<group>"; };
		749752362559A18400B88A21 /* ScriptForDaysViewController.swift */ = {isa = PBXFileReference; lastKnownFileType = sourcecode.swift; path = ScriptForDaysViewController.swift; sourceTree = "<group>"; };
		749752392559A1E100B88A21 /* ScriptForDaysTableViewCell.swift */ = {isa = PBXFileReference; lastKnownFileType = sourcecode.swift; path = ScriptForDaysTableViewCell.swift; sourceTree = "<group>"; };
		7497523A2559A1E100B88A21 /* ScriptForDaysTableViewCell.xib */ = {isa = PBXFileReference; lastKnownFileType = file.xib; path = ScriptForDaysTableViewCell.xib; sourceTree = "<group>"; };
		7497523D2559A2BB00B88A21 /* ScriptForDaysViewController.storyboard */ = {isa = PBXFileReference; lastKnownFileType = file.storyboard; path = ScriptForDaysViewController.storyboard; sourceTree = "<group>"; };
		74A551AF256BF7F200A562FB /* GradientExtension.swift */ = {isa = PBXFileReference; lastKnownFileType = sourcecode.swift; path = GradientExtension.swift; sourceTree = "<group>"; };
		74AF36342619EA0D007D5832 /* CompleteScript.swift */ = {isa = PBXFileReference; lastKnownFileType = sourcecode.swift; path = CompleteScript.swift; sourceTree = "<group>"; };
		74AF3638261A3D67007D5832 /* UpdateScript.swift */ = {isa = PBXFileReference; lastKnownFileType = sourcecode.swift; path = UpdateScript.swift; sourceTree = "<group>"; };
		74AF363D261B5528007D5832 /* ChangeTemp.swift */ = {isa = PBXFileReference; lastKnownFileType = sourcecode.swift; path = ChangeTemp.swift; sourceTree = "<group>"; };
		74B5E813257D312000483972 /* Script.swift */ = {isa = PBXFileReference; lastKnownFileType = sourcecode.swift; path = Script.swift; sourceTree = "<group>"; };
		74B5E815257D316F00483972 /* NetworkScript.swift */ = {isa = PBXFileReference; lastKnownFileType = sourcecode.swift; path = NetworkScript.swift; sourceTree = "<group>"; };
		74B5E817257D339600483972 /* ScriptCreater.swift */ = {isa = PBXFileReference; lastKnownFileType = sourcecode.swift; path = ScriptCreater.swift; sourceTree = "<group>"; };
		74BB126225C9053200C51F1D /* ModelAppDatchikProtocol.swift */ = {isa = PBXFileReference; lastKnownFileType = sourcecode.swift; path = ModelAppDatchikProtocol.swift; sourceTree = "<group>"; };
		74BF502B256679FB00DE45D1 /* ScriptServiceViewController.storyboard */ = {isa = PBXFileReference; lastKnownFileType = file.storyboard; path = ScriptServiceViewController.storyboard; sourceTree = "<group>"; };
		74BF502D25667A7B00DE45D1 /* ScriptServiceViewController.swift */ = {isa = PBXFileReference; lastKnownFileType = sourcecode.swift; path = ScriptServiceViewController.swift; sourceTree = "<group>"; };
		74BF502F25667AD200DE45D1 /* ScriptServiceTableViewCell.swift */ = {isa = PBXFileReference; lastKnownFileType = sourcecode.swift; path = ScriptServiceTableViewCell.swift; sourceTree = "<group>"; };
		74BF503025667AD200DE45D1 /* ScriptServiceTableViewCell.xib */ = {isa = PBXFileReference; lastKnownFileType = file.xib; path = ScriptServiceTableViewCell.xib; sourceTree = "<group>"; };
		74D3A18025CBF79800333DFD /* DeleteScript.swift */ = {isa = PBXFileReference; lastKnownFileType = sourcecode.swift; path = DeleteScript.swift; sourceTree = "<group>"; };
		74D65C9225840EC2007588F7 /* SignInViewController.swift */ = {isa = PBXFileReference; lastKnownFileType = sourcecode.swift; path = SignInViewController.swift; sourceTree = "<group>"; };
		74D8C3BB258FD93300C46F85 /* CellDelegate.swift */ = {isa = PBXFileReference; lastKnownFileType = sourcecode.swift; path = CellDelegate.swift; sourceTree = "<group>"; };
		74EB9A7B262433CC00919F0E /* VentilateRoom.swift */ = {isa = PBXFileReference; lastKnownFileType = sourcecode.swift; path = VentilateRoom.swift; sourceTree = "<group>"; };
		74EB9A8126244CE100919F0E /* LaunchScreenViewController.swift */ = {isa = PBXFileReference; lastKnownFileType = sourcecode.swift; path = LaunchScreenViewController.swift; sourceTree = "<group>"; };
		74EB9A8426244D0100919F0E /* LaunchScreenViewController.storyboard */ = {isa = PBXFileReference; lastKnownFileType = file.storyboard; path = LaunchScreenViewController.storyboard; sourceTree = "<group>"; };
		9D7F6723EEE14063E574AF51 /* Pods-IndoorClimateControlSystems.debug.xcconfig */ = {isa = PBXFileReference; includeInIndex = 1; lastKnownFileType = text.xcconfig; name = "Pods-IndoorClimateControlSystems.debug.xcconfig"; path = "Target Support Files/Pods-IndoorClimateControlSystems/Pods-IndoorClimateControlSystems.debug.xcconfig"; sourceTree = "<group>"; };
		A13E96CB6CCEDE3D42E9FF22 /* Pods-IndoorClimateControlSystems.release.xcconfig */ = {isa = PBXFileReference; includeInIndex = 1; lastKnownFileType = text.xcconfig; name = "Pods-IndoorClimateControlSystems.release.xcconfig"; path = "Target Support Files/Pods-IndoorClimateControlSystems/Pods-IndoorClimateControlSystems.release.xcconfig"; sourceTree = "<group>"; };
/* End PBXFileReference section */

/* Begin PBXFrameworksBuildPhase section */
		2137EEB424D054FF009B19FD /* Frameworks */ = {
			isa = PBXFrameworksBuildPhase;
			buildActionMask = 2147483647;
			files = (
				B9D138C36E79696786777963 /* Pods_IndoorClimateControlSystems.framework in Frameworks */,
			);
			runOnlyForDeploymentPostprocessing = 0;
		};
/* End PBXFrameworksBuildPhase section */

/* Begin PBXGroup section */
		01AF687FE6375F45425D2EB3 /* Pods */ = {
			isa = PBXGroup;
			children = (
				9D7F6723EEE14063E574AF51 /* Pods-IndoorClimateControlSystems.debug.xcconfig */,
				A13E96CB6CCEDE3D42E9FF22 /* Pods-IndoorClimateControlSystems.release.xcconfig */,
			);
			path = Pods;
			sourceTree = "<group>";
		};
		2108898A24D19575000F6B4B /* ViewControllers */ = {
			isa = PBXGroup;
			children = (
				74D65C9125840E9D007588F7 /* SignIn */,
				74F606CB25C80FAF0035E86E /* MenuListController */,
				740D1E0E25304E3E000253FA /* CollectionViewControllerLogic */,
				74171F192540EA2100746E9E /* RoomsViewController */,
				74F606CA25C80F7B0035E86E /* ScriptFlowCreator */,
				7497521D25596C6F00B88A21 /* ScriptsViewController */,
			);
			path = ViewControllers;
			sourceTree = "<group>";
		};
		2108898D24D195B6000F6B4B /* Configuration */ = {
			isa = PBXGroup;
			children = (
				2137EEBA24D054FF009B19FD /* AppDelegate.swift */,
				2137EEBC24D054FF009B19FD /* SceneDelegate.swift */,
				2137EEC824D05504009B19FD /* Info.plist */,
				2137EEC524D05504009B19FD /* LaunchScreen.storyboard */,
			);
			path = Configuration;
			sourceTree = "<group>";
		};
		2137EEAE24D054FF009B19FD = {
			isa = PBXGroup;
			children = (
				749752162555667B00B88A21 /* IndoorClimateControlSystems.entitlements */,
				2137EEB924D054FF009B19FD /* hseProject_1 */,
				2137EEB824D054FF009B19FD /* Products */,
				01AF687FE6375F45425D2EB3 /* Pods */,
				9FA5C525A8C153817D17C3F4 /* Frameworks */,
			);
			sourceTree = "<group>";
		};
		2137EEB824D054FF009B19FD /* Products */ = {
			isa = PBXGroup;
			children = (
				2137EEB724D054FF009B19FD /* IndoorClimateControlSystems.app */,
			);
			name = Products;
			sourceTree = "<group>";
		};
		2137EEB924D054FF009B19FD /* hseProject_1 */ = {
			isa = PBXGroup;
			children = (
				2108898D24D195B6000F6B4B /* Configuration */,
				742822A1258B8269008F6524 /* SOA */,
				748426ED25174C92006A09F7 /* ActiveButtons */,
				748426EC25174C76006A09F7 /* Extension */,
				743B8FC424E2EE30009A929A /* ActivityElement */,
				21D0833C24D5A895003D0DA8 /* CustomClasses */,
				2137EECE24D0662C009B19FD /* Assets.xcassets */,
				7470603025A0AAE600C4CC93 /* Config.xcconfig */,
			);
			path = hseProject_1;
			sourceTree = "<group>";
		};
		21D0833C24D5A895003D0DA8 /* CustomClasses */ = {
			isa = PBXGroup;
			children = (
				216D2B7724D5C30900CFFF02 /* ButtonCustomClass.swift */,
				7457B97524DDCC4C00C16A0E /* ViewCustomClass.swift */,
				7480039124E13D24006DEBDE /* LabelRightSideCustomClass.swift */,
				7480039524E13ED4006DEBDE /* ButtonLeftSideCustomClass.swift */,
				7480039724E13F85006DEBDE /* ImageViewLeftSideCustomClass.swift */,
				7480039B24E1406A006DEBDE /* LabelLeftSideCustomClass.swift */,
				7480039D24E14203006DEBDE /* LabelGradientCustomClass.swift */,
				748003A124E14457006DEBDE /* ButtonRightSideCustomClass.swift */,
				748426EA25169446006A09F7 /* NavigationBar.swift */,
			);
			path = CustomClasses;
			sourceTree = "<group>";
		};
		740D1E0E25304E3E000253FA /* CollectionViewControllerLogic */ = {
			isa = PBXGroup;
			children = (
				74EB9A8026244CB500919F0E /* CopyLaunchScreen */,
				74D8C34D258FA22200C46F85 /* DataStructures */,
				74282344258CE98B008F6524 /* Models */,
				7428231A258CC5F0008F6524 /* CustomCollectionViewCell */,
				742822F4258C9F03008F6524 /* CollectionViewController */,
			);
			path = CollectionViewControllerLogic;
			sourceTree = "<group>";
		};
		74171F192540EA2100746E9E /* RoomsViewController */ = {
			isa = PBXGroup;
			children = (
				2137EEBE24D054FF009B19FD /* RoomsViewController.swift */,
				2137EEC024D054FF009B19FD /* RoomsViewController.storyboard */,
			);
			path = RoomsViewController;
			sourceTree = "<group>";
		};
		74171F1C2541B29900746E9E /* CurrentData */ = {
			isa = PBXGroup;
			children = (
				74171F1D2541B2B400746E9E /* CurrentRoomData.swift */,
			);
			path = CurrentData;
			sourceTree = "<group>";
		};
		74171F1F2541BBB100746E9E /* AimData */ = {
			isa = PBXGroup;
			children = (
				74171F202541BBD000746E9E /* AimRoomData.swift */,
			);
			path = AimData;
			sourceTree = "<group>";
		};
		74210C7425DFF462002F75E3 /* CurrentScript */ = {
			isa = PBXGroup;
			children = (
				74210C7525DFF7A9002F75E3 /* CurrentScript.swift */,
			);
			path = CurrentScript;
			sourceTree = "<group>";
		};
		74210C7825DFF962002F75E3 /* CurrentAimData */ = {
			isa = PBXGroup;
			children = (
				74210C7925DFFA65002F75E3 /* AimRoomScript.swift */,
				74210C7D25DFFB2F002F75E3 /* AimRoomScripts.swift */,
			);
			path = CurrentAimData;
			sourceTree = "<group>";
		};
		74210C8025DFFF65002F75E3 /* ModelAimData */ = {
			isa = PBXGroup;
			children = (
				74210C8125DFFF8C002F75E3 /* ModelAimDataProtocol.swift */,
				74210C8425DFFFF3002F75E3 /* ModelAimData.swift */,
			);
			path = ModelAimData;
			sourceTree = "<group>";
		};
		74210CA325E18EA1002F75E3 /* NewUser */ = {
			isa = PBXGroup;
			children = (
				74210CA425E18F45002F75E3 /* NewUser.swift */,
			);
			path = NewUser;
			sourceTree = "<group>";
		};
		742822A1258B8269008F6524 /* SOA */ = {
			isa = PBXGroup;
			children = (
				742822A2258B828C008F6524 /* PresentationLayer */,
				742822A3258B829D008F6524 /* ServiceLayer */,
				742822A4258B82A9008F6524 /* CoreLayer */,
				742822EF258BF7B5008F6524 /* RootAssembly.swift */,
			);
			path = SOA;
			sourceTree = "<group>";
		};
		742822A2258B828C008F6524 /* PresentationLayer */ = {
			isa = PBXGroup;
			children = (
				2108898A24D19575000F6B4B /* ViewControllers */,
				742822A5258B8343008F6524 /* Assembly */,
			);
			path = PresentationLayer;
			sourceTree = "<group>";
		};
		742822A3258B829D008F6524 /* ServiceLayer */ = {
			isa = PBXGroup;
			children = (
				74282339258CE1E2008F6524 /* AppDatchikService */,
				742822DD258BCDD9008F6524 /* RoomConfigsService */,
				742822A6258B835F008F6524 /* Assembly */,
			);
			path = ServiceLayer;
			sourceTree = "<group>";
		};
		742822A4258B82A9008F6524 /* CoreLayer */ = {
			isa = PBXGroup;
			children = (
				74282325258CC9A6008F6524 /* Networking */,
				742822A8258B8379008F6524 /* Assembly */,
			);
			path = CoreLayer;
			sourceTree = "<group>";
		};
		742822A5258B8343008F6524 /* Assembly */ = {
			isa = PBXGroup;
			children = (
				742822E8258BDA6F008F6524 /* PresentationAssembly.swift */,
			);
			path = Assembly;
			sourceTree = "<group>";
		};
		742822A6258B835F008F6524 /* Assembly */ = {
			isa = PBXGroup;
			children = (
				742822E5258BD3BA008F6524 /* ServiceAssembly.swift */,
			);
			path = Assembly;
			sourceTree = "<group>";
		};
		742822A8258B8379008F6524 /* Assembly */ = {
			isa = PBXGroup;
			children = (
				742822D9258BCBA0008F6524 /* CoreAssembly.swift */,
			);
			path = Assembly;
			sourceTree = "<group>";
		};
		742822B6258B9536008F6524 /* NetworkScript */ = {
			isa = PBXGroup;
			children = (
				74B5E815257D316F00483972 /* NetworkScript.swift */,
			);
			path = NetworkScript;
			sourceTree = "<group>";
		};
		742822B7258B9569008F6524 /* Parsers */ = {
			isa = PBXGroup;
			children = (
				742822B8258B95A5008F6524 /* ParserProtocol.swift */,
				742822BD258B97A5008F6524 /* SwiftyParser.swift */,
			);
			path = Parsers;
			sourceTree = "<group>";
		};
		742822C0258B9895008F6524 /* RequestManager */ = {
			isa = PBXGroup;
			children = (
				74282334258CD9E2008F6524 /* RequestAppDatchik */,
				74282333258CD9C7008F6524 /* RequestRoomConfig */,
			);
			path = RequestManager;
			sourceTree = "<group>";
		};
		742822CD258B9F42008F6524 /* Requests */ = {
			isa = PBXGroup;
			children = (
				742822CE258B9F70008F6524 /* RequstProtocol.swift */,
				742822D2258B9FB5008F6524 /* Requests.swift */,
			);
			path = Requests;
			sourceTree = "<group>";
		};
		742822DD258BCDD9008F6524 /* RoomConfigsService */ = {
			isa = PBXGroup;
			children = (
				742822DE258BCDF9008F6524 /* RoomConfigsServiceProtocol.swift */,
				742822E2258BCF81008F6524 /* RoomConfigsService.swift */,
			);
			path = RoomConfigsService;
			sourceTree = "<group>";
		};
		742822F4258C9F03008F6524 /* CollectionViewController */ = {
			isa = PBXGroup;
			children = (
				740D1DFF252F4097000253FA /* CollectionViewController.swift */,
				740D1E05252F46BF000253FA /* CollectionViewController.storyboard */,
			);
			path = CollectionViewController;
			sourceTree = "<group>";
		};
		7428231A258CC5F0008F6524 /* CustomCollectionViewCell */ = {
			isa = PBXGroup;
			children = (
				740D1E01252F41A0000253FA /* CustomCollectionViewCell.swift */,
				740D1E02252F41A0000253FA /* CustomCollectionViewCell.xib */,
			);
			path = CustomCollectionViewCell;
			sourceTree = "<group>";
		};
		74282325258CC9A6008F6524 /* Networking */ = {
			isa = PBXGroup;
			children = (
				74EB9A7A262433A800919F0E /* VentilateRoom */,
				74AF363C261B5517007D5832 /* ChangeTemp */,
				74AF3637261A3D0D007D5832 /* UpdateScript */,
				74AF36332619E9D6007D5832 /* CompleteScript */,
				74210CA325E18EA1002F75E3 /* NewUser */,
				74210C7425DFF462002F75E3 /* CurrentScript */,
				74D3A17F25CBF77B00333DFD /* DeleteScript */,
				7483E07325C95BC4005DF7B4 /* NetworkSetScript */,
				7470603A25AB95FB00C4CC93 /* NetworkScriptsLoad */,
				7457B97B24DF0A3C00C16A0E /* NetworkRoomConfig */,
				742822B6258B9536008F6524 /* NetworkScript */,
			);
			path = Networking;
			sourceTree = "<group>";
		};
		74282333258CD9C7008F6524 /* RequestRoomConfig */ = {
			isa = PBXGroup;
			children = (
				742822C6258B9B12008F6524 /* RequestRoomConfigProtocol.swift */,
				7457B97C24DF26F100C16A0E /* RequestRoomConfig.swift */,
			);
			path = RequestRoomConfig;
			sourceTree = "<group>";
		};
		74282334258CD9E2008F6524 /* RequestAppDatchik */ = {
			isa = PBXGroup;
			children = (
				74282335258CDA35008F6524 /* RequestAppDatchikProtocol.swift */,
				74754F5924E296CE008F07A3 /* RequestAppDatchik.swift */,
			);
			path = RequestAppDatchik;
			sourceTree = "<group>";
		};
		74282339258CE1E2008F6524 /* AppDatchikService */ = {
			isa = PBXGroup;
			children = (
				7428233A258CE22E008F6524 /* AppDatchikServiceProtocol.swift */,
				7428233D258CE2C2008F6524 /* AppDatchikService.swift */,
			);
			path = AppDatchikService;
			sourceTree = "<group>";
		};
		74282344258CE98B008F6524 /* Models */ = {
			isa = PBXGroup;
			children = (
				74210C8025DFFF65002F75E3 /* ModelAimData */,
				74BB126725C905DF00C51F1D /* ModelRoomsConfig */,
				74BB126825C9060800C51F1D /* ModelAppDatchik */,
			);
			path = Models;
			sourceTree = "<group>";
		};
		743B8FC424E2EE30009A929A /* ActivityElement */ = {
			isa = PBXGroup;
			children = (
				743B8FC524E2EE5B009A929A /* ActivityIndicator.swift */,
			);
			path = ActivityElement;
			sourceTree = "<group>";
		};
		7457B97B24DF0A3C00C16A0E /* NetworkRoomConfig */ = {
			isa = PBXGroup;
			children = (
				742822D5258BA41E008F6524 /* RequestsFactory.swift */,
				742822CD258B9F42008F6524 /* Requests */,
				742822C0258B9895008F6524 /* RequestManager */,
				742822B7258B9569008F6524 /* Parsers */,
			);
			path = NetworkRoomConfig;
			sourceTree = "<group>";
		};
		746C354825ACAA9F006CDBCD /* ScriptCurrentRoomsViewController */ = {
			isa = PBXGroup;
			children = (
				746C355125ACC18D006CDBCD /* CurrentRoomsTableViewCell */,
				746C354925ACAB3B006CDBCD /* ScriptCurrentRoomsViewController.swift */,
				746C354E25ACAC05006CDBCD /* CurrentRoomsViewController.storyboard */,
			);
			path = ScriptCurrentRoomsViewController;
			sourceTree = "<group>";
		};
		746C355125ACC18D006CDBCD /* CurrentRoomsTableViewCell */ = {
			isa = PBXGroup;
			children = (
				746C355925ACC240006CDBCD /* CurrentRoomsTableViewCell.swift */,
				746C355A25ACC240006CDBCD /* CurrentRoomsTableViewCell.xib */,
			);
			path = CurrentRoomsTableViewCell;
			sourceTree = "<group>";
		};
		7470603A25AB95FB00C4CC93 /* NetworkScriptsLoad */ = {
			isa = PBXGroup;
			children = (
				7470603B25ABA27100C4CC93 /* NetworkScriptsLoad.swift */,
			);
			path = NetworkScriptsLoad;
			sourceTree = "<group>";
		};
		747F25C225B4895000DA4FD9 /* ScriptCurrentDaysViewController */ = {
			isa = PBXGroup;
			children = (
				747F25C325B4897000DA4FD9 /* CurrentDaysTableViewCell */,
				747F25C425B48A1200DA4FD9 /* ScriptCurrentDaysViewController.swift */,
				747F25C825B48B9B00DA4FD9 /* ScriptCurrentDaysViewController.storyboard */,
			);
			path = ScriptCurrentDaysViewController;
			sourceTree = "<group>";
		};
		747F25C325B4897000DA4FD9 /* CurrentDaysTableViewCell */ = {
			isa = PBXGroup;
			children = (
				747F25CB25B48D0400DA4FD9 /* CurrentDaysTableViewCell.swift */,
				747F25CC25B48D0400DA4FD9 /* CurrentDaysTableViewCell.xib */,
			);
			path = CurrentDaysTableViewCell;
			sourceTree = "<group>";
		};
		7483E07325C95BC4005DF7B4 /* NetworkSetScript */ = {
			isa = PBXGroup;
			children = (
				7483E07425C95BEC005DF7B4 /* NetworkSetScript.swift */,
			);
			path = NetworkSetScript;
			sourceTree = "<group>";
		};
		748426EC25174C76006A09F7 /* Extension */ = {
			isa = PBXGroup;
			children = (
				748426EE25174CB1006A09F7 /* StringExtension.swift */,
				748426F025175B0A006A09F7 /* StackExtension.swift */,
				740D1E07252FA1DD000253FA /* ColorExtensions.swift */,
				740D1E0F25307EDB000253FA /* ToolBarWithPageControll.swift */,
				74A551AF256BF7F200A562FB /* GradientExtension.swift */,
			);
			path = Extension;
			sourceTree = "<group>";
		};
		748426ED25174C92006A09F7 /* ActiveButtons */ = {
			isa = PBXGroup;
			children = (
				743B8FC724E5D612009A929A /* TemperatureConfiguration.swift */,
			);
			path = ActiveButtons;
			sourceTree = "<group>";
		};
		7497521D25596C6F00B88A21 /* ScriptsViewController */ = {
			isa = PBXGroup;
			children = (
				74D8C373258FBBB600C46F85 /* ScriptsTableViewCell */,
				7497522625597D6000B88A21 /* ScriptsViewController.swift */,
				7497521E25596CDA00B88A21 /* ScriptsViewController.storyboard */,
			);
			path = ScriptsViewController;
			sourceTree = "<group>";
		};
		7497522A2559911300B88A21 /* NewScriptViewController */ = {
			isa = PBXGroup;
			children = (
				74975228255990F700B88A21 /* NewScriptViewController.swift */,
				7497522B2559913400B88A21 /* NewScriptViewController.storyboard */,
			);
			path = NewScriptViewController;
			sourceTree = "<group>";
		};
		7497523125599B2B00B88A21 /* ScriptForRoomViewController */ = {
			isa = PBXGroup;
			children = (
				74D8C387258FC38700C46F85 /* ScriptForRoomTableViewCell */,
				7497522D2559995200B88A21 /* ScriptForRoomViewController.swift */,
				7497522F2559997400B88A21 /* ScriptForRoomViewController.storyboard */,
			);
			path = ScriptForRoomViewController;
			sourceTree = "<group>";
		};
		749752382559A1B400B88A21 /* ScriptForDaysViewController */ = {
			isa = PBXGroup;
			children = (
				74D8C391258FCD0600C46F85 /* ScriptForDaysTableViewCell */,
				749752362559A18400B88A21 /* ScriptForDaysViewController.swift */,
				7497523D2559A2BB00B88A21 /* ScriptForDaysViewController.storyboard */,
			);
			path = ScriptForDaysViewController;
			sourceTree = "<group>";
		};
		74AF36332619E9D6007D5832 /* CompleteScript */ = {
			isa = PBXGroup;
			children = (
				74AF36342619EA0D007D5832 /* CompleteScript.swift */,
			);
			path = CompleteScript;
			sourceTree = "<group>";
		};
		74AF3637261A3D0D007D5832 /* UpdateScript */ = {
			isa = PBXGroup;
			children = (
				74AF3638261A3D67007D5832 /* UpdateScript.swift */,
			);
			path = UpdateScript;
			sourceTree = "<group>";
		};
		74AF363C261B5517007D5832 /* ChangeTemp */ = {
			isa = PBXGroup;
			children = (
				74AF363D261B5528007D5832 /* ChangeTemp.swift */,
			);
			path = ChangeTemp;
			sourceTree = "<group>";
		};
		74B5E812257D30F700483972 /* ScriptStructures */ = {
			isa = PBXGroup;
			children = (
				74B5E813257D312000483972 /* Script.swift */,
				74B5E817257D339600483972 /* ScriptCreater.swift */,
			);
			path = ScriptStructures;
			sourceTree = "<group>";
		};
		74BB126725C905DF00C51F1D /* ModelRoomsConfig */ = {
			isa = PBXGroup;
			children = (
				74282346258CEA07008F6524 /* ModelRoomsConfigProtocol.swift */,
				742822F5258CA0FA008F6524 /* ModelRoomsConfig.swift */,
			);
			path = ModelRoomsConfig;
			sourceTree = "<group>";
		};
		74BB126825C9060800C51F1D /* ModelAppDatchik */ = {
			isa = PBXGroup;
			children = (
				74BB126225C9053200C51F1D /* ModelAppDatchikProtocol.swift */,
				74282340258CE981008F6524 /* ModelAppDatchik.swift */,
			);
			path = ModelAppDatchik;
			sourceTree = "<group>";
		};
		74BF50282566798A00DE45D1 /* ScriptServiceViewController */ = {
			isa = PBXGroup;
			children = (
				74D8C3BA258FD90B00C46F85 /* Extension */,
				74B5E812257D30F700483972 /* ScriptStructures */,
				74D8C3AF258FD30900C46F85 /* ScriptServiceTableViewCell */,
				74BF502D25667A7B00DE45D1 /* ScriptServiceViewController.swift */,
				74BF502B256679FB00DE45D1 /* ScriptServiceViewController.storyboard */,
			);
			path = ScriptServiceViewController;
			sourceTree = "<group>";
		};
		74D3A17F25CBF77B00333DFD /* DeleteScript */ = {
			isa = PBXGroup;
			children = (
				74D3A18025CBF79800333DFD /* DeleteScript.swift */,
			);
			path = DeleteScript;
			sourceTree = "<group>";
		};
		74D65C9125840E9D007588F7 /* SignIn */ = {
			isa = PBXGroup;
			children = (
				74D65C9225840EC2007588F7 /* SignInViewController.swift */,
				745DE3952630724E000DA00F /* SignInViewController.storyboard */,
			);
			path = SignIn;
			sourceTree = "<group>";
		};
		74D8C34D258FA22200C46F85 /* DataStructures */ = {
			isa = PBXGroup;
			children = (
				74210C7825DFF962002F75E3 /* CurrentAimData */,
				74171F1F2541BBB100746E9E /* AimData */,
				74171F1C2541B29900746E9E /* CurrentData */,
			);
			path = DataStructures;
			sourceTree = "<group>";
		};
		74D8C373258FBBB600C46F85 /* ScriptsTableViewCell */ = {
			isa = PBXGroup;
			children = (
				749752222559707600B88A21 /* CustomTableViewCell.swift */,
				749752232559707600B88A21 /* CustomTableViewCell.xib */,
			);
			path = ScriptsTableViewCell;
			sourceTree = "<group>";
		};
		74D8C387258FC38700C46F85 /* ScriptForRoomTableViewCell */ = {
			isa = PBXGroup;
			children = (
				7497523225599B6F00B88A21 /* ScriptForRoomTableViewCell.swift */,
				7497523325599B6F00B88A21 /* ScriptForRoomTableViewCell.xib */,
			);
			path = ScriptForRoomTableViewCell;
			sourceTree = "<group>";
		};
		74D8C391258FCD0600C46F85 /* ScriptForDaysTableViewCell */ = {
			isa = PBXGroup;
			children = (
				749752392559A1E100B88A21 /* ScriptForDaysTableViewCell.swift */,
				7497523A2559A1E100B88A21 /* ScriptForDaysTableViewCell.xib */,
			);
			path = ScriptForDaysTableViewCell;
			sourceTree = "<group>";
		};
		74D8C3AF258FD30900C46F85 /* ScriptServiceTableViewCell */ = {
			isa = PBXGroup;
			children = (
				74BF502F25667AD200DE45D1 /* ScriptServiceTableViewCell.swift */,
				74BF503025667AD200DE45D1 /* ScriptServiceTableViewCell.xib */,
			);
			path = ScriptServiceTableViewCell;
			sourceTree = "<group>";
		};
		74D8C3BA258FD90B00C46F85 /* Extension */ = {
			isa = PBXGroup;
			children = (
				74D8C3BB258FD93300C46F85 /* CellDelegate.swift */,
			);
			path = Extension;
			sourceTree = "<group>";
		};
		74EB9A7A262433A800919F0E /* VentilateRoom */ = {
			isa = PBXGroup;
			children = (
				74EB9A7B262433CC00919F0E /* VentilateRoom.swift */,
			);
			path = VentilateRoom;
			sourceTree = "<group>";
		};
		74EB9A8026244CB500919F0E /* CopyLaunchScreen */ = {
			isa = PBXGroup;
			children = (
				74EB9A8126244CE100919F0E /* LaunchScreenViewController.swift */,
				74EB9A8426244D0100919F0E /* LaunchScreenViewController.storyboard */,
			);
			path = CopyLaunchScreen;
			sourceTree = "<group>";
		};
		74F606CA25C80F7B0035E86E /* ScriptFlowCreator */ = {
			isa = PBXGroup;
			children = (
				74BF50282566798A00DE45D1 /* ScriptServiceViewController */,
				749752382559A1B400B88A21 /* ScriptForDaysViewController */,
				747F25C225B4895000DA4FD9 /* ScriptCurrentDaysViewController */,
				7497523125599B2B00B88A21 /* ScriptForRoomViewController */,
				746C354825ACAA9F006CDBCD /* ScriptCurrentRoomsViewController */,
				7497522A2559911300B88A21 /* NewScriptViewController */,
			);
			path = ScriptFlowCreator;
			sourceTree = "<group>";
		};
		74F606CB25C80FAF0035E86E /* MenuListController */ = {
			isa = PBXGroup;
			children = (
				742822EC258BDF44008F6524 /* MenuListController.swift */,
			);
			path = MenuListController;
			sourceTree = "<group>";
		};
		9FA5C525A8C153817D17C3F4 /* Frameworks */ = {
			isa = PBXGroup;
			children = (
				05B2F9E4F819DE1EBBADD153 /* Pods_IndoorClimateControlSystems.framework */,
			);
			name = Frameworks;
			sourceTree = "<group>";
		};
/* End PBXGroup section */

/* Begin PBXNativeTarget section */
		2137EEB624D054FF009B19FD /* IndoorClimateControlSystems */ = {
			isa = PBXNativeTarget;
			buildConfigurationList = 2137EECB24D05504009B19FD /* Build configuration list for PBXNativeTarget "IndoorClimateControlSystems" */;
			buildPhases = (
				69BC018841BFDEC556CDA177 /* [CP] Check Pods Manifest.lock */,
				2137EEB324D054FF009B19FD /* Sources */,
				2137EEB424D054FF009B19FD /* Frameworks */,
				2137EEB524D054FF009B19FD /* Resources */,
				7E192BE34BE2C6284CB6E789 /* [CP] Embed Pods Frameworks */,
				9E06B768B3925CD2A2233BD6 /* [CP] Copy Pods Resources */,
				742822B2258B8503008F6524 /* ShellScript */,
			);
			buildRules = (
			);
			dependencies = (
			);
			name = IndoorClimateControlSystems;
			productName = hseProject_1;
			productReference = 2137EEB724D054FF009B19FD /* IndoorClimateControlSystems.app */;
			productType = "com.apple.product-type.application";
		};
/* End PBXNativeTarget section */

/* Begin PBXProject section */
		2137EEAF24D054FF009B19FD /* Project object */ = {
			isa = PBXProject;
			attributes = {
				LastSwiftUpdateCheck = 1160;
				LastUpgradeCheck = 1220;
				ORGANIZATIONNAME = "Ildar Nigmetzyanov";
				TargetAttributes = {
					2137EEB624D054FF009B19FD = {
						CreatedOnToolsVersion = 11.6;
					};
				};
			};
			buildConfigurationList = 2137EEB224D054FF009B19FD /* Build configuration list for PBXProject "IndoorClimateControlSystems" */;
			compatibilityVersion = "Xcode 9.3";
			developmentRegion = en;
			hasScannedForEncodings = 0;
			knownRegions = (
				en,
				Base,
			);
			mainGroup = 2137EEAE24D054FF009B19FD;
			productRefGroup = 2137EEB824D054FF009B19FD /* Products */;
			projectDirPath = "";
			projectRoot = "";
			targets = (
				2137EEB624D054FF009B19FD /* IndoorClimateControlSystems */,
			);
		};
/* End PBXProject section */

/* Begin PBXResourcesBuildPhase section */
		2137EEB524D054FF009B19FD /* Resources */ = {
			isa = PBXResourcesBuildPhase;
			buildActionMask = 2147483647;
			files = (
				7497523C2559A1E100B88A21 /* ScriptForDaysTableViewCell.xib in Resources */,
				745DE3962630724E000DA00F /* SignInViewController.storyboard in Resources */,
				74EB9A8526244D0100919F0E /* LaunchScreenViewController.storyboard in Resources */,
				740D1E06252F46BF000253FA /* CollectionViewController.storyboard in Resources */,
				74BF503225667AD200DE45D1 /* ScriptServiceTableViewCell.xib in Resources */,
				749752252559707600B88A21 /* CustomTableViewCell.xib in Resources */,
				746C355C25ACC240006CDBCD /* CurrentRoomsTableViewCell.xib in Resources */,
				2137EEC724D05504009B19FD /* LaunchScreen.storyboard in Resources */,
				7497522C2559913400B88A21 /* NewScriptViewController.storyboard in Resources */,
				7497523E2559A2BB00B88A21 /* ScriptForDaysViewController.storyboard in Resources */,
				74BF502C256679FB00DE45D1 /* ScriptServiceViewController.storyboard in Resources */,
				749752302559997400B88A21 /* ScriptForRoomViewController.storyboard in Resources */,
				747F25CE25B48D0400DA4FD9 /* CurrentDaysTableViewCell.xib in Resources */,
				747F25C925B48B9B00DA4FD9 /* ScriptCurrentDaysViewController.storyboard in Resources */,
				740D1E0B25304872000253FA /* RoomsViewController.storyboard in Resources */,
				746C354F25ACAC05006CDBCD /* CurrentRoomsViewController.storyboard in Resources */,
				2137EECF24D0662C009B19FD /* Assets.xcassets in Resources */,
				7497521F25596CDA00B88A21 /* ScriptsViewController.storyboard in Resources */,
				740D1E04252F41A0000253FA /* CustomCollectionViewCell.xib in Resources */,
				7497523525599B6F00B88A21 /* ScriptForRoomTableViewCell.xib in Resources */,
			);
			runOnlyForDeploymentPostprocessing = 0;
		};
/* End PBXResourcesBuildPhase section */

/* Begin PBXShellScriptBuildPhase section */
		69BC018841BFDEC556CDA177 /* [CP] Check Pods Manifest.lock */ = {
			isa = PBXShellScriptBuildPhase;
			buildActionMask = 2147483647;
			files = (
			);
			inputFileListPaths = (
			);
			inputPaths = (
				"${PODS_PODFILE_DIR_PATH}/Podfile.lock",
				"${PODS_ROOT}/Manifest.lock",
			);
			name = "[CP] Check Pods Manifest.lock";
			outputFileListPaths = (
			);
			outputPaths = (
				"$(DERIVED_FILE_DIR)/Pods-IndoorClimateControlSystems-checkManifestLockResult.txt",
			);
			runOnlyForDeploymentPostprocessing = 0;
			shellPath = /bin/sh;
			shellScript = "diff \"${PODS_PODFILE_DIR_PATH}/Podfile.lock\" \"${PODS_ROOT}/Manifest.lock\" > /dev/null\nif [ $? != 0 ] ; then\n    # print error to STDERR\n    echo \"error: The sandbox is not in sync with the Podfile.lock. Run 'pod install' or update your CocoaPods installation.\" >&2\n    exit 1\nfi\n# This output is used by Xcode 'outputs' to avoid re-running this script phase.\necho \"SUCCESS\" > \"${SCRIPT_OUTPUT_FILE_0}\"\n";
			showEnvVarsInLog = 0;
		};
		742822B2258B8503008F6524 /* ShellScript */ = {
			isa = PBXShellScriptBuildPhase;
			buildActionMask = 2147483647;
			files = (
			);
			inputFileListPaths = (
			);
			inputPaths = (
			);
			outputFileListPaths = (
			);
			outputPaths = (
			);
			runOnlyForDeploymentPostprocessing = 0;
			shellPath = /bin/sh;
			shellScript = "# Type a script or drag a script file from your workspace to insert its path.\nif which swiftlint >/dev/null; then\n  swiftlint\nelse\n  echo \"error: SwiftLint does not exist, download it from https://github.com/realm/SwiftLint\"\n  exit 1\nfi\n";
		};
		7E192BE34BE2C6284CB6E789 /* [CP] Embed Pods Frameworks */ = {
			isa = PBXShellScriptBuildPhase;
			buildActionMask = 2147483647;
			files = (
			);
			inputFileListPaths = (
				"${PODS_ROOT}/Target Support Files/Pods-IndoorClimateControlSystems/Pods-IndoorClimateControlSystems-frameworks-${CONFIGURATION}-input-files.xcfilelist",
			);
			name = "[CP] Embed Pods Frameworks";
			outputFileListPaths = (
				"${PODS_ROOT}/Target Support Files/Pods-IndoorClimateControlSystems/Pods-IndoorClimateControlSystems-frameworks-${CONFIGURATION}-output-files.xcfilelist",
			);
			runOnlyForDeploymentPostprocessing = 0;
			shellPath = /bin/sh;
			shellScript = "\"${PODS_ROOT}/Target Support Files/Pods-IndoorClimateControlSystems/Pods-IndoorClimateControlSystems-frameworks.sh\"\n";
			showEnvVarsInLog = 0;
		};
		9E06B768B3925CD2A2233BD6 /* [CP] Copy Pods Resources */ = {
			isa = PBXShellScriptBuildPhase;
			buildActionMask = 2147483647;
			files = (
			);
			inputFileListPaths = (
				"${PODS_ROOT}/Target Support Files/Pods-IndoorClimateControlSystems/Pods-IndoorClimateControlSystems-resources-${CONFIGURATION}-input-files.xcfilelist",
			);
			name = "[CP] Copy Pods Resources";
			outputFileListPaths = (
				"${PODS_ROOT}/Target Support Files/Pods-IndoorClimateControlSystems/Pods-IndoorClimateControlSystems-resources-${CONFIGURATION}-output-files.xcfilelist",
			);
			runOnlyForDeploymentPostprocessing = 0;
			shellPath = /bin/sh;
			shellScript = "\"${PODS_ROOT}/Target Support Files/Pods-IndoorClimateControlSystems/Pods-IndoorClimateControlSystems-resources.sh\"\n";
			showEnvVarsInLog = 0;
		};
/* End PBXShellScriptBuildPhase section */

/* Begin PBXSourcesBuildPhase section */
		2137EEB324D054FF009B19FD /* Sources */ = {
			isa = PBXSourcesBuildPhase;
			buildActionMask = 2147483647;
			files = (
				74BF503125667AD200DE45D1 /* ScriptServiceTableViewCell.swift in Sources */,
				74754F5A24E296CE008F07A3 /* RequestAppDatchik.swift in Sources */,
				746C355B25ACC240006CDBCD /* CurrentRoomsTableViewCell.swift in Sources */,
				74D8C3BC258FD93300C46F85 /* CellDelegate.swift in Sources */,
				742822D6258BA41E008F6524 /* RequestsFactory.swift in Sources */,
				74AF3639261A3D67007D5832 /* UpdateScript.swift in Sources */,
				748426F125175B0A006A09F7 /* StackExtension.swift in Sources */,
				7497522E2559995200B88A21 /* ScriptForRoomViewController.swift in Sources */,
				7480039224E13D24006DEBDE /* LabelRightSideCustomClass.swift in Sources */,
				742822DA258BCBA0008F6524 /* CoreAssembly.swift in Sources */,
				742822CF258B9F70008F6524 /* RequstProtocol.swift in Sources */,
				7457B97D24DF26F100C16A0E /* RequestRoomConfig.swift in Sources */,
				74171F212541BBD000746E9E /* AimRoomData.swift in Sources */,
				7457B97624DDCC4C00C16A0E /* ViewCustomClass.swift in Sources */,
				74D65C9325840EC2007588F7 /* SignInViewController.swift in Sources */,
				2137EEBF24D054FF009B19FD /* RoomsViewController.swift in Sources */,
				749752372559A18500B88A21 /* ScriptForDaysViewController.swift in Sources */,
				748003A224E14457006DEBDE /* ButtonRightSideCustomClass.swift in Sources */,
				7497523B2559A1E100B88A21 /* ScriptForDaysTableViewCell.swift in Sources */,
				74282336258CDA35008F6524 /* RequestAppDatchikProtocol.swift in Sources */,
				74EB9A8226244CE100919F0E /* LaunchScreenViewController.swift in Sources */,
				742822C7258B9B12008F6524 /* RequestRoomConfigProtocol.swift in Sources */,
				742822DF258BCDF9008F6524 /* RoomConfigsServiceProtocol.swift in Sources */,
				742822ED258BDF44008F6524 /* MenuListController.swift in Sources */,
				7428233E258CE2C2008F6524 /* AppDatchikService.swift in Sources */,
				7480039C24E1406A006DEBDE /* LabelLeftSideCustomClass.swift in Sources */,
				216D2B7824D5C30900CFFF02 /* ButtonCustomClass.swift in Sources */,
				74D3A18125CBF79800333DFD /* DeleteScript.swift in Sources */,
				746C354A25ACAB3B006CDBCD /* ScriptCurrentRoomsViewController.swift in Sources */,
				74210C8225DFFF8C002F75E3 /* ModelAimDataProtocol.swift in Sources */,
				742822E9258BDA6F008F6524 /* PresentationAssembly.swift in Sources */,
				740D1E00252F4097000253FA /* CollectionViewController.swift in Sources */,
				7497522725597D6100B88A21 /* ScriptsViewController.swift in Sources */,
				74B5E818257D339600483972 /* ScriptCreater.swift in Sources */,
				74AF363E261B5528007D5832 /* ChangeTemp.swift in Sources */,
				7497523425599B6F00B88A21 /* ScriptForRoomTableViewCell.swift in Sources */,
				74282347258CEA07008F6524 /* ModelRoomsConfigProtocol.swift in Sources */,
				74BB126325C9053200C51F1D /* ModelAppDatchikProtocol.swift in Sources */,
				74A551B0256BF7F200A562FB /* GradientExtension.swift in Sources */,
				74210C7625DFF7A9002F75E3 /* CurrentScript.swift in Sources */,
				2137EEBB24D054FF009B19FD /* AppDelegate.swift in Sources */,
				7428233B258CE22E008F6524 /* AppDatchikServiceProtocol.swift in Sources */,
				74BF502E25667A7B00DE45D1 /* ScriptServiceViewController.swift in Sources */,
				7480039E24E14203006DEBDE /* LabelGradientCustomClass.swift in Sources */,
				74B5E814257D312100483972 /* Script.swift in Sources */,
				747F25C525B48A1200DA4FD9 /* ScriptCurrentDaysViewController.swift in Sources */,
				74171F1E2541B2B400746E9E /* CurrentRoomData.swift in Sources */,
				74282341258CE981008F6524 /* ModelAppDatchik.swift in Sources */,
				74210C8525DFFFF3002F75E3 /* ModelAimData.swift in Sources */,
				748426EF25174CB1006A09F7 /* StringExtension.swift in Sources */,
				74B5E816257D316F00483972 /* NetworkScript.swift in Sources */,
				742822E3258BCF81008F6524 /* RoomConfigsService.swift in Sources */,
				74210CA525E18F46002F75E3 /* NewUser.swift in Sources */,
				74975229255990F700B88A21 /* NewScriptViewController.swift in Sources */,
				2137EEBD24D054FF009B19FD /* SceneDelegate.swift in Sources */,
				7480039824E13F85006DEBDE /* ImageViewLeftSideCustomClass.swift in Sources */,
				747F25CD25B48D0400DA4FD9 /* CurrentDaysTableViewCell.swift in Sources */,
				7470603C25ABA27200C4CC93 /* NetworkScriptsLoad.swift in Sources */,
				7483E07525C95BEC005DF7B4 /* NetworkSetScript.swift in Sources */,
				740D1E03252F41A0000253FA /* CustomCollectionViewCell.swift in Sources */,
				74210C7E25DFFB2F002F75E3 /* AimRoomScripts.swift in Sources */,
				742822D3258B9FB5008F6524 /* Requests.swift in Sources */,
				742822F6258CA0FA008F6524 /* ModelRoomsConfig.swift in Sources */,
				743B8FC824E5D612009A929A /* TemperatureConfiguration.swift in Sources */,
				74EB9A7C262433CC00919F0E /* VentilateRoom.swift in Sources */,
				742822BE258B97A5008F6524 /* SwiftyParser.swift in Sources */,
				742822B9258B95A5008F6524 /* ParserProtocol.swift in Sources */,
				74210C7A25DFFA65002F75E3 /* AimRoomScript.swift in Sources */,
				7480039624E13ED4006DEBDE /* ButtonLeftSideCustomClass.swift in Sources */,
				743B8FC624E2EE5B009A929A /* ActivityIndicator.swift in Sources */,
				740D1E1025307EDC000253FA /* ToolBarWithPageControll.swift in Sources */,
				74AF36352619EA0D007D5832 /* CompleteScript.swift in Sources */,
				742822F0258BF7B5008F6524 /* RootAssembly.swift in Sources */,
				748426EB25169446006A09F7 /* NavigationBar.swift in Sources */,
				742822E6258BD3BA008F6524 /* ServiceAssembly.swift in Sources */,
				740D1E08252FA1DD000253FA /* ColorExtensions.swift in Sources */,
				749752242559707600B88A21 /* CustomTableViewCell.swift in Sources */,
			);
			runOnlyForDeploymentPostprocessing = 0;
		};
/* End PBXSourcesBuildPhase section */

/* Begin PBXVariantGroup section */
		2137EEC024D054FF009B19FD /* RoomsViewController.storyboard */ = {
			isa = PBXVariantGroup;
			children = (
				2137EEC124D054FF009B19FD /* Base */,
			);
			name = RoomsViewController.storyboard;
			sourceTree = "<group>";
		};
		2137EEC524D05504009B19FD /* LaunchScreen.storyboard */ = {
			isa = PBXVariantGroup;
			children = (
				2137EEC624D05504009B19FD /* Base */,
			);
			name = LaunchScreen.storyboard;
			sourceTree = "<group>";
		};
/* End PBXVariantGroup section */

/* Begin XCBuildConfiguration section */
		2137EEC924D05504009B19FD /* Debug */ = {
			isa = XCBuildConfiguration;
			baseConfigurationReference = 7470603025A0AAE600C4CC93 /* Config.xcconfig */;
			buildSettings = {
				ALWAYS_SEARCH_USER_PATHS = NO;
				CLANG_ANALYZER_NONNULL = YES;
				CLANG_ANALYZER_NUMBER_OBJECT_CONVERSION = YES_AGGRESSIVE;
				CLANG_CXX_LANGUAGE_STANDARD = "gnu++14";
				CLANG_CXX_LIBRARY = "libc++";
				CLANG_ENABLE_MODULES = YES;
				CLANG_ENABLE_OBJC_ARC = YES;
				CLANG_ENABLE_OBJC_WEAK = YES;
				CLANG_WARN_BLOCK_CAPTURE_AUTORELEASING = YES;
				CLANG_WARN_BOOL_CONVERSION = YES;
				CLANG_WARN_COMMA = YES;
				CLANG_WARN_CONSTANT_CONVERSION = YES;
				CLANG_WARN_DEPRECATED_OBJC_IMPLEMENTATIONS = YES;
				CLANG_WARN_DIRECT_OBJC_ISA_USAGE = YES_ERROR;
				CLANG_WARN_DOCUMENTATION_COMMENTS = YES;
				CLANG_WARN_EMPTY_BODY = YES;
				CLANG_WARN_ENUM_CONVERSION = YES;
				CLANG_WARN_INFINITE_RECURSION = YES;
				CLANG_WARN_INT_CONVERSION = YES;
				CLANG_WARN_NON_LITERAL_NULL_CONVERSION = YES;
				CLANG_WARN_OBJC_IMPLICIT_RETAIN_SELF = YES;
				CLANG_WARN_OBJC_LITERAL_CONVERSION = YES;
				CLANG_WARN_OBJC_ROOT_CLASS = YES_ERROR;
				CLANG_WARN_QUOTED_INCLUDE_IN_FRAMEWORK_HEADER = YES;
				CLANG_WARN_RANGE_LOOP_ANALYSIS = YES;
				CLANG_WARN_STRICT_PROTOTYPES = YES;
				CLANG_WARN_SUSPICIOUS_MOVE = YES;
				CLANG_WARN_UNGUARDED_AVAILABILITY = YES_AGGRESSIVE;
				CLANG_WARN_UNREACHABLE_CODE = YES;
				CLANG_WARN__DUPLICATE_METHOD_MATCH = YES;
				COPY_PHASE_STRIP = NO;
				DEBUG_INFORMATION_FORMAT = dwarf;
				ENABLE_STRICT_OBJC_MSGSEND = YES;
				ENABLE_TESTABILITY = YES;
				GCC_C_LANGUAGE_STANDARD = gnu11;
				GCC_DYNAMIC_NO_PIC = NO;
				GCC_NO_COMMON_BLOCKS = YES;
				GCC_OPTIMIZATION_LEVEL = 0;
				GCC_PREPROCESSOR_DEFINITIONS = (
					"DEBUG=1",
					"$(inherited)",
				);
				GCC_WARN_64_TO_32_BIT_CONVERSION = YES;
				GCC_WARN_ABOUT_RETURN_TYPE = YES_ERROR;
				GCC_WARN_UNDECLARED_SELECTOR = YES;
				GCC_WARN_UNINITIALIZED_AUTOS = YES_AGGRESSIVE;
				GCC_WARN_UNUSED_FUNCTION = YES;
				GCC_WARN_UNUSED_VARIABLE = YES;
				IPHONEOS_DEPLOYMENT_TARGET = 14.0;
				MTL_ENABLE_DEBUG_INFO = INCLUDE_SOURCE;
				MTL_FAST_MATH = YES;
				ONLY_ACTIVE_ARCH = YES;
				SDKROOT = iphoneos;
				SWIFT_ACTIVE_COMPILATION_CONDITIONS = DEBUG;
				SWIFT_OPTIMIZATION_LEVEL = "-Onone";
			};
			name = Debug;
		};
		2137EECA24D05504009B19FD /* Release */ = {
			isa = XCBuildConfiguration;
			baseConfigurationReference = 7470603025A0AAE600C4CC93 /* Config.xcconfig */;
			buildSettings = {
				ALWAYS_SEARCH_USER_PATHS = NO;
				CLANG_ANALYZER_NONNULL = YES;
				CLANG_ANALYZER_NUMBER_OBJECT_CONVERSION = YES_AGGRESSIVE;
				CLANG_CXX_LANGUAGE_STANDARD = "gnu++14";
				CLANG_CXX_LIBRARY = "libc++";
				CLANG_ENABLE_MODULES = YES;
				CLANG_ENABLE_OBJC_ARC = YES;
				CLANG_ENABLE_OBJC_WEAK = YES;
				CLANG_WARN_BLOCK_CAPTURE_AUTORELEASING = YES;
				CLANG_WARN_BOOL_CONVERSION = YES;
				CLANG_WARN_COMMA = YES;
				CLANG_WARN_CONSTANT_CONVERSION = YES;
				CLANG_WARN_DEPRECATED_OBJC_IMPLEMENTATIONS = YES;
				CLANG_WARN_DIRECT_OBJC_ISA_USAGE = YES_ERROR;
				CLANG_WARN_DOCUMENTATION_COMMENTS = YES;
				CLANG_WARN_EMPTY_BODY = YES;
				CLANG_WARN_ENUM_CONVERSION = YES;
				CLANG_WARN_INFINITE_RECURSION = YES;
				CLANG_WARN_INT_CONVERSION = YES;
				CLANG_WARN_NON_LITERAL_NULL_CONVERSION = YES;
				CLANG_WARN_OBJC_IMPLICIT_RETAIN_SELF = YES;
				CLANG_WARN_OBJC_LITERAL_CONVERSION = YES;
				CLANG_WARN_OBJC_ROOT_CLASS = YES_ERROR;
				CLANG_WARN_QUOTED_INCLUDE_IN_FRAMEWORK_HEADER = YES;
				CLANG_WARN_RANGE_LOOP_ANALYSIS = YES;
				CLANG_WARN_STRICT_PROTOTYPES = YES;
				CLANG_WARN_SUSPICIOUS_MOVE = YES;
				CLANG_WARN_UNGUARDED_AVAILABILITY = YES_AGGRESSIVE;
				CLANG_WARN_UNREACHABLE_CODE = YES;
				CLANG_WARN__DUPLICATE_METHOD_MATCH = YES;
				COPY_PHASE_STRIP = NO;
				DEBUG_INFORMATION_FORMAT = "dwarf-with-dsym";
				ENABLE_NS_ASSERTIONS = NO;
				ENABLE_STRICT_OBJC_MSGSEND = YES;
				GCC_C_LANGUAGE_STANDARD = gnu11;
				GCC_NO_COMMON_BLOCKS = YES;
				GCC_WARN_64_TO_32_BIT_CONVERSION = YES;
				GCC_WARN_ABOUT_RETURN_TYPE = YES_ERROR;
				GCC_WARN_UNDECLARED_SELECTOR = YES;
				GCC_WARN_UNINITIALIZED_AUTOS = YES_AGGRESSIVE;
				GCC_WARN_UNUSED_FUNCTION = YES;
				GCC_WARN_UNUSED_VARIABLE = YES;
				IPHONEOS_DEPLOYMENT_TARGET = 14.0;
				MTL_ENABLE_DEBUG_INFO = NO;
				MTL_FAST_MATH = YES;
				SDKROOT = iphoneos;
				SWIFT_COMPILATION_MODE = wholemodule;
				SWIFT_OPTIMIZATION_LEVEL = "-O";
				VALIDATE_PRODUCT = YES;
			};
			name = Release;
		};
		2137EECC24D05504009B19FD /* Debug */ = {
			isa = XCBuildConfiguration;
			baseConfigurationReference = 9D7F6723EEE14063E574AF51 /* Pods-IndoorClimateControlSystems.debug.xcconfig */;
			buildSettings = {
				ASSETCATALOG_COMPILER_APPICON_NAME = AppIcon;
				CODE_SIGN_ENTITLEMENTS = IndoorClimateControlSystems.entitlements;
				CODE_SIGN_STYLE = Automatic;
				CURRENT_PROJECT_VERSION = 12;
				DEVELOPMENT_TEAM = 2NR48U86L7;
				INFOPLIST_FILE = hseProject_1/Configuration/Info.plist;
				IPHONEOS_DEPLOYMENT_TARGET = 14.0;
				LD_RUNPATH_SEARCH_PATHS = (
					"$(inherited)",
					"@executable_path/Frameworks",
				);
				MARKETING_VERSION = 1.5.7;
				PRODUCT_BUNDLE_IDENTIFIER = com.nigmetzyanov.IndoorClimateControlSystems;
				PRODUCT_NAME = IndoorClimateControlSystems;
				SWIFT_VERSION = 5.0;
				TARGETED_DEVICE_FAMILY = 1;
			};
			name = Debug;
		};
		2137EECD24D05504009B19FD /* Release */ = {
			isa = XCBuildConfiguration;
			baseConfigurationReference = A13E96CB6CCEDE3D42E9FF22 /* Pods-IndoorClimateControlSystems.release.xcconfig */;
			buildSettings = {
				ASSETCATALOG_COMPILER_APPICON_NAME = AppIcon;
				CODE_SIGN_ENTITLEMENTS = IndoorClimateControlSystems.entitlements;
				CODE_SIGN_STYLE = Automatic;
				CURRENT_PROJECT_VERSION = 12;
				DEVELOPMENT_TEAM = 2NR48U86L7;
				INFOPLIST_FILE = hseProject_1/Configuration/Info.plist;
				IPHONEOS_DEPLOYMENT_TARGET = 14.0;
				LD_RUNPATH_SEARCH_PATHS = (
					"$(inherited)",
					"@executable_path/Frameworks",
				);
				MARKETING_VERSION = 1.5.7;
				PRODUCT_BUNDLE_IDENTIFIER = com.nigmetzyanov.IndoorClimateControlSystems;
				PRODUCT_NAME = IndoorClimateControlSystems;
				SWIFT_VERSION = 5.0;
				TARGETED_DEVICE_FAMILY = 1;
			};
			name = Release;
		};
/* End XCBuildConfiguration section */

/* Begin XCConfigurationList section */
		2137EEB224D054FF009B19FD /* Build configuration list for PBXProject "IndoorClimateControlSystems" */ = {
			isa = XCConfigurationList;
			buildConfigurations = (
				2137EEC924D05504009B19FD /* Debug */,
				2137EECA24D05504009B19FD /* Release */,
			);
			defaultConfigurationIsVisible = 0;
			defaultConfigurationName = Release;
		};
		2137EECB24D05504009B19FD /* Build configuration list for PBXNativeTarget "IndoorClimateControlSystems" */ = {
			isa = XCConfigurationList;
			buildConfigurations = (
				2137EECC24D05504009B19FD /* Debug */,
				2137EECD24D05504009B19FD /* Release */,
			);
			defaultConfigurationIsVisible = 0;
			defaultConfigurationName = Release;
		};
/* End XCConfigurationList section */
	};
	rootObject = 2137EEAF24D054FF009B19FD /* Project object */;
}
