// !$*UTF8*$!
{
	archiveVersion = 1;
	classes = {
	};
	objectVersion = 51;
	objects = {

/* Begin PBXBuildFile section */
		2137EEBB24D054FF009B19FD /* AppDelegate.swift in Sources */ = {isa = PBXBuildFile; fileRef = 2137EEBA24D054FF009B19FD /* AppDelegate.swift */; };
		2137EEBD24D054FF009B19FD /* SceneDelegate.swift in Sources */ = {isa = PBXBuildFile; fileRef = 2137EEBC24D054FF009B19FD /* SceneDelegate.swift */; };
		2137EEBF24D054FF009B19FD /* ViewController.swift in Sources */ = {isa = PBXBuildFile; fileRef = 2137EEBE24D054FF009B19FD /* ViewController.swift */; };
		2137EEC224D054FF009B19FD /* Main.storyboard in Resources */ = {isa = PBXBuildFile; fileRef = 2137EEC024D054FF009B19FD /* Main.storyboard */; };
		2137EEC724D05504009B19FD /* LaunchScreen.storyboard in Resources */ = {isa = PBXBuildFile; fileRef = 2137EEC524D05504009B19FD /* LaunchScreen.storyboard */; };
		2137EECF24D0662C009B19FD /* Assets.xcassets in Resources */ = {isa = PBXBuildFile; fileRef = 2137EECE24D0662C009B19FD /* Assets.xcassets */; };
		216D2B7824D5C30900CFFF02 /* ButtonCustomClass.swift in Sources */ = {isa = PBXBuildFile; fileRef = 216D2B7724D5C30900CFFF02 /* ButtonCustomClass.swift */; };
		505E2257A0D67F0EFEBD19D8 /* Pods_hseProject_1.framework in Frameworks */ = {isa = PBXBuildFile; fileRef = 525488209EF0CA3BFDE52CF5 /* Pods_hseProject_1.framework */; };
		743B8FC624E2EE5B009A929A /* ActivityIndicator.swift in Sources */ = {isa = PBXBuildFile; fileRef = 743B8FC524E2EE5B009A929A /* ActivityIndicator.swift */; };
		7457B97624DDCC4C00C16A0E /* ViewCustomClass.swift in Sources */ = {isa = PBXBuildFile; fileRef = 7457B97524DDCC4C00C16A0E /* ViewCustomClass.swift */; };
		7457B97D24DF26F100C16A0E /* NetworkRoomConfig.swift in Sources */ = {isa = PBXBuildFile; fileRef = 7457B97C24DF26F100C16A0E /* NetworkRoomConfig.swift */; };
		74754F5A24E296CE008F07A3 /* NetworkSensorData.swift in Sources */ = {isa = PBXBuildFile; fileRef = 74754F5924E296CE008F07A3 /* NetworkSensorData.swift */; };
		747CE29D24DFE65E002FEB50 /* Room.swift in Sources */ = {isa = PBXBuildFile; fileRef = 747CE29C24DFE65E002FEB50 /* Room.swift */; };
		747CE29F24DFE689002FEB50 /* RoomsInfo.swift in Sources */ = {isa = PBXBuildFile; fileRef = 747CE29E24DFE689002FEB50 /* RoomsInfo.swift */; };
		7480039224E13D24006DEBDE /* LabelRightSideCustomClass.swift in Sources */ = {isa = PBXBuildFile; fileRef = 7480039124E13D24006DEBDE /* LabelRightSideCustomClass.swift */; };
		7480039624E13ED4006DEBDE /* ButtonLeftSideCustomClass.swift in Sources */ = {isa = PBXBuildFile; fileRef = 7480039524E13ED4006DEBDE /* ButtonLeftSideCustomClass.swift */; };
		7480039824E13F85006DEBDE /* ImageViewLeftSideCustomClass.swift in Sources */ = {isa = PBXBuildFile; fileRef = 7480039724E13F85006DEBDE /* ImageViewLeftSideCustomClass.swift */; };
		7480039C24E1406A006DEBDE /* LabelLeftSideCustomClass.swift in Sources */ = {isa = PBXBuildFile; fileRef = 7480039B24E1406A006DEBDE /* LabelLeftSideCustomClass.swift */; };
		7480039E24E14203006DEBDE /* LabelGradientCustomClass.swift in Sources */ = {isa = PBXBuildFile; fileRef = 7480039D24E14203006DEBDE /* LabelGradientCustomClass.swift */; };
		748003A224E14457006DEBDE /* ButtonRightSideCustomClass.swift in Sources */ = {isa = PBXBuildFile; fileRef = 748003A124E14457006DEBDE /* ButtonRightSideCustomClass.swift */; };
/* End PBXBuildFile section */

/* Begin PBXFileReference section */
		1E75F60322565876F9C445EA /* Pods-hseProject_1.debug.xcconfig */ = {isa = PBXFileReference; includeInIndex = 1; lastKnownFileType = text.xcconfig; name = "Pods-hseProject_1.debug.xcconfig"; path = "Target Support Files/Pods-hseProject_1/Pods-hseProject_1.debug.xcconfig"; sourceTree = "<group>"; };
		2137EEB724D054FF009B19FD /* hseProject_1.app */ = {isa = PBXFileReference; explicitFileType = wrapper.application; includeInIndex = 0; path = hseProject_1.app; sourceTree = BUILT_PRODUCTS_DIR; };
		2137EEBA24D054FF009B19FD /* AppDelegate.swift */ = {isa = PBXFileReference; lastKnownFileType = sourcecode.swift; path = AppDelegate.swift; sourceTree = "<group>"; };
		2137EEBC24D054FF009B19FD /* SceneDelegate.swift */ = {isa = PBXFileReference; lastKnownFileType = sourcecode.swift; path = SceneDelegate.swift; sourceTree = "<group>"; };
		2137EEBE24D054FF009B19FD /* ViewController.swift */ = {isa = PBXFileReference; lastKnownFileType = sourcecode.swift; path = ViewController.swift; sourceTree = "<group>"; };
		2137EEC124D054FF009B19FD /* Base */ = {isa = PBXFileReference; lastKnownFileType = file.storyboard; name = Base; path = Base.lproj/Main.storyboard; sourceTree = "<group>"; };
		2137EEC624D05504009B19FD /* Base */ = {isa = PBXFileReference; lastKnownFileType = file.storyboard; name = Base; path = Base.lproj/LaunchScreen.storyboard; sourceTree = "<group>"; };
		2137EEC824D05504009B19FD /* Info.plist */ = {isa = PBXFileReference; lastKnownFileType = text.plist.xml; path = Info.plist; sourceTree = "<group>"; };
		2137EECE24D0662C009B19FD /* Assets.xcassets */ = {isa = PBXFileReference; lastKnownFileType = folder.assetcatalog; path = Assets.xcassets; sourceTree = "<group>"; };
		216D2B7724D5C30900CFFF02 /* ButtonCustomClass.swift */ = {isa = PBXFileReference; lastKnownFileType = sourcecode.swift; path = ButtonCustomClass.swift; sourceTree = "<group>"; };
		525488209EF0CA3BFDE52CF5 /* Pods_hseProject_1.framework */ = {isa = PBXFileReference; explicitFileType = wrapper.framework; includeInIndex = 0; path = Pods_hseProject_1.framework; sourceTree = BUILT_PRODUCTS_DIR; };
		743B8FC524E2EE5B009A929A /* ActivityIndicator.swift */ = {isa = PBXFileReference; lastKnownFileType = sourcecode.swift; path = ActivityIndicator.swift; sourceTree = "<group>"; };
		7457B97524DDCC4C00C16A0E /* ViewCustomClass.swift */ = {isa = PBXFileReference; lastKnownFileType = sourcecode.swift; path = ViewCustomClass.swift; sourceTree = "<group>"; };
		7457B97C24DF26F100C16A0E /* NetworkRoomConfig.swift */ = {isa = PBXFileReference; lastKnownFileType = sourcecode.swift; path = NetworkRoomConfig.swift; sourceTree = "<group>"; };
		74754F5924E296CE008F07A3 /* NetworkSensorData.swift */ = {isa = PBXFileReference; lastKnownFileType = sourcecode.swift; path = NetworkSensorData.swift; sourceTree = "<group>"; };
		747CE29C24DFE65E002FEB50 /* Room.swift */ = {isa = PBXFileReference; lastKnownFileType = sourcecode.swift; path = Room.swift; sourceTree = "<group>"; };
		747CE29E24DFE689002FEB50 /* RoomsInfo.swift */ = {isa = PBXFileReference; lastKnownFileType = sourcecode.swift; path = RoomsInfo.swift; sourceTree = "<group>"; };
		7480039124E13D24006DEBDE /* LabelRightSideCustomClass.swift */ = {isa = PBXFileReference; lastKnownFileType = sourcecode.swift; path = LabelRightSideCustomClass.swift; sourceTree = "<group>"; };
		7480039524E13ED4006DEBDE /* ButtonLeftSideCustomClass.swift */ = {isa = PBXFileReference; lastKnownFileType = sourcecode.swift; path = ButtonLeftSideCustomClass.swift; sourceTree = "<group>"; };
		7480039724E13F85006DEBDE /* ImageViewLeftSideCustomClass.swift */ = {isa = PBXFileReference; lastKnownFileType = sourcecode.swift; path = ImageViewLeftSideCustomClass.swift; sourceTree = "<group>"; };
		7480039B24E1406A006DEBDE /* LabelLeftSideCustomClass.swift */ = {isa = PBXFileReference; lastKnownFileType = sourcecode.swift; path = LabelLeftSideCustomClass.swift; sourceTree = "<group>"; };
		7480039D24E14203006DEBDE /* LabelGradientCustomClass.swift */ = {isa = PBXFileReference; lastKnownFileType = sourcecode.swift; path = LabelGradientCustomClass.swift; sourceTree = "<group>"; };
		748003A124E14457006DEBDE /* ButtonRightSideCustomClass.swift */ = {isa = PBXFileReference; lastKnownFileType = sourcecode.swift; path = ButtonRightSideCustomClass.swift; sourceTree = "<group>"; };
		8BCF395DEDF0840DC0E85C22 /* Pods-hseProject_1.release.xcconfig */ = {isa = PBXFileReference; includeInIndex = 1; lastKnownFileType = text.xcconfig; name = "Pods-hseProject_1.release.xcconfig"; path = "Target Support Files/Pods-hseProject_1/Pods-hseProject_1.release.xcconfig"; sourceTree = "<group>"; };
/* End PBXFileReference section */

/* Begin PBXFrameworksBuildPhase section */
		2137EEB424D054FF009B19FD /* Frameworks */ = {
			isa = PBXFrameworksBuildPhase;
			buildActionMask = 2147483647;
			files = (
				505E2257A0D67F0EFEBD19D8 /* Pods_hseProject_1.framework in Frameworks */,
			);
			runOnlyForDeploymentPostprocessing = 0;
		};
/* End PBXFrameworksBuildPhase section */

/* Begin PBXGroup section */
		01AF687FE6375F45425D2EB3 /* Pods */ = {
			isa = PBXGroup;
			children = (
				1E75F60322565876F9C445EA /* Pods-hseProject_1.debug.xcconfig */,
				8BCF395DEDF0840DC0E85C22 /* Pods-hseProject_1.release.xcconfig */,
			);
			path = Pods;
			sourceTree = "<group>";
		};
		2108898A24D19575000F6B4B /* View */ = {
			isa = PBXGroup;
			children = (
				2137EEC024D054FF009B19FD /* Main.storyboard */,
				2137EEC524D05504009B19FD /* LaunchScreen.storyboard */,
			);
			path = View;
			sourceTree = "<group>";
		};
		2108898B24D1959C000F6B4B /* Controller */ = {
			isa = PBXGroup;
			children = (
				2137EEBE24D054FF009B19FD /* ViewController.swift */,
			);
			path = Controller;
			sourceTree = "<group>";
		};
		2108898C24D195B0000F6B4B /* Model */ = {
			isa = PBXGroup;
			children = (
				74F6862824DFE51400C34765 /* RoomsConfig */,
			);
			path = Model;
			sourceTree = "<group>";
		};
		2108898D24D195B6000F6B4B /* Configuration */ = {
			isa = PBXGroup;
			children = (
				2137EEBA24D054FF009B19FD /* AppDelegate.swift */,
				2137EEBC24D054FF009B19FD /* SceneDelegate.swift */,
				2137EEC824D05504009B19FD /* Info.plist */,
			);
			path = Configuration;
			sourceTree = "<group>";
		};
		2137EEAE24D054FF009B19FD = {
			isa = PBXGroup;
			children = (
				2137EEB924D054FF009B19FD /* hseProject_1 */,
				2137EEB824D054FF009B19FD /* Products */,
				01AF687FE6375F45425D2EB3 /* Pods */,
				9FA5C525A8C153817D17C3F4 /* Frameworks */,
			);
			sourceTree = "<group>";
		};
		2137EEB824D054FF009B19FD /* Products */ = {
			isa = PBXGroup;
			children = (
				2137EEB724D054FF009B19FD /* hseProject_1.app */,
			);
			name = Products;
			sourceTree = "<group>";
		};
		2137EEB924D054FF009B19FD /* hseProject_1 */ = {
			isa = PBXGroup;
			children = (
				743B8FC424E2EE30009A929A /* ActivityElement */,
				7457B97B24DF0A3C00C16A0E /* Network */,
				21D0833C24D5A895003D0DA8 /* CustomClasses */,
				2108898D24D195B6000F6B4B /* Configuration */,
				2108898C24D195B0000F6B4B /* Model */,
				2108898B24D1959C000F6B4B /* Controller */,
				2108898A24D19575000F6B4B /* View */,
				2137EECE24D0662C009B19FD /* Assets.xcassets */,
			);
			path = hseProject_1;
			sourceTree = "<group>";
		};
		21D0833C24D5A895003D0DA8 /* CustomClasses */ = {
			isa = PBXGroup;
			children = (
				216D2B7724D5C30900CFFF02 /* ButtonCustomClass.swift */,
				7457B97524DDCC4C00C16A0E /* ViewCustomClass.swift */,
				7480039124E13D24006DEBDE /* LabelRightSideCustomClass.swift */,
				7480039524E13ED4006DEBDE /* ButtonLeftSideCustomClass.swift */,
				7480039724E13F85006DEBDE /* ImageViewLeftSideCustomClass.swift */,
				7480039B24E1406A006DEBDE /* LabelLeftSideCustomClass.swift */,
				7480039D24E14203006DEBDE /* LabelGradientCustomClass.swift */,
				748003A124E14457006DEBDE /* ButtonRightSideCustomClass.swift */,
			);
			path = CustomClasses;
			sourceTree = "<group>";
		};
		743B8FC424E2EE30009A929A /* ActivityElement */ = {
			isa = PBXGroup;
			children = (
				743B8FC524E2EE5B009A929A /* ActivityIndicator.swift */,
			);
			path = ActivityElement;
			sourceTree = "<group>";
		};
		7457B97B24DF0A3C00C16A0E /* Network */ = {
			isa = PBXGroup;
			children = (
				7457B97C24DF26F100C16A0E /* NetworkRoomConfig.swift */,
				74754F5924E296CE008F07A3 /* NetworkSensorData.swift */,
			);
			path = Network;
			sourceTree = "<group>";
		};
		74F6862824DFE51400C34765 /* RoomsConfig */ = {
			isa = PBXGroup;
			children = (
				747CE29C24DFE65E002FEB50 /* Room.swift */,
				747CE29E24DFE689002FEB50 /* RoomsInfo.swift */,
			);
			path = RoomsConfig;
			sourceTree = "<group>";
			tabWidth = 1;
		};
		9FA5C525A8C153817D17C3F4 /* Frameworks */ = {
			isa = PBXGroup;
			children = (
				525488209EF0CA3BFDE52CF5 /* Pods_hseProject_1.framework */,
			);
			name = Frameworks;
			sourceTree = "<group>";
		};
/* End PBXGroup section */

/* Begin PBXNativeTarget section */
		2137EEB624D054FF009B19FD /* hseProject_1 */ = {
			isa = PBXNativeTarget;
			buildConfigurationList = 2137EECB24D05504009B19FD /* Build configuration list for PBXNativeTarget "hseProject_1" */;
			buildPhases = (
				69BC018841BFDEC556CDA177 /* [CP] Check Pods Manifest.lock */,
				2137EEB324D054FF009B19FD /* Sources */,
				2137EEB424D054FF009B19FD /* Frameworks */,
				2137EEB524D054FF009B19FD /* Resources */,
				7E192BE34BE2C6284CB6E789 /* [CP] Embed Pods Frameworks */,
			);
			buildRules = (
			);
			dependencies = (
			);
			name = hseProject_1;
			productName = hseProject_1;
			productReference = 2137EEB724D054FF009B19FD /* hseProject_1.app */;
			productType = "com.apple.product-type.application";
		};
/* End PBXNativeTarget section */

/* Begin PBXProject section */
		2137EEAF24D054FF009B19FD /* Project object */ = {
			isa = PBXProject;
			attributes = {
				LastSwiftUpdateCheck = 1160;
				LastUpgradeCheck = 1160;
				ORGANIZATIONNAME = "Ildar Nigmetzyanov";
				TargetAttributes = {
					2137EEB624D054FF009B19FD = {
						CreatedOnToolsVersion = 11.6;
					};
				};
			};
			buildConfigurationList = 2137EEB224D054FF009B19FD /* Build configuration list for PBXProject "hseProject_1" */;
			compatibilityVersion = "Xcode 9.3";
			developmentRegion = en;
			hasScannedForEncodings = 0;
			knownRegions = (
				en,
				Base,
			);
			mainGroup = 2137EEAE24D054FF009B19FD;
			productRefGroup = 2137EEB824D054FF009B19FD /* Products */;
			projectDirPath = "";
			projectRoot = "";
			targets = (
				2137EEB624D054FF009B19FD /* hseProject_1 */,
			);
		};
/* End PBXProject section */

/* Begin PBXResourcesBuildPhase section */
		2137EEB524D054FF009B19FD /* Resources */ = {
			isa = PBXResourcesBuildPhase;
			buildActionMask = 2147483647;
			files = (
				2137EEC724D05504009B19FD /* LaunchScreen.storyboard in Resources */,
				2137EECF24D0662C009B19FD /* Assets.xcassets in Resources */,
				2137EEC224D054FF009B19FD /* Main.storyboard in Resources */,
			);
			runOnlyForDeploymentPostprocessing = 0;
		};
/* End PBXResourcesBuildPhase section */

/* Begin PBXShellScriptBuildPhase section */
		69BC018841BFDEC556CDA177 /* [CP] Check Pods Manifest.lock */ = {
			isa = PBXShellScriptBuildPhase;
			buildActionMask = 2147483647;
			files = (
			);
			inputFileListPaths = (
			);
			inputPaths = (
				"${PODS_PODFILE_DIR_PATH}/Podfile.lock",
				"${PODS_ROOT}/Manifest.lock",
			);
			name = "[CP] Check Pods Manifest.lock";
			outputFileListPaths = (
			);
			outputPaths = (
				"$(DERIVED_FILE_DIR)/Pods-hseProject_1-checkManifestLockResult.txt",
			);
			runOnlyForDeploymentPostprocessing = 0;
			shellPath = /bin/sh;
			shellScript = "diff \"${PODS_PODFILE_DIR_PATH}/Podfile.lock\" \"${PODS_ROOT}/Manifest.lock\" > /dev/null\nif [ $? != 0 ] ; then\n    # print error to STDERR\n    echo \"error: The sandbox is not in sync with the Podfile.lock. Run 'pod install' or update your CocoaPods installation.\" >&2\n    exit 1\nfi\n# This output is used by Xcode 'outputs' to avoid re-running this script phase.\necho \"SUCCESS\" > \"${SCRIPT_OUTPUT_FILE_0}\"\n";
			showEnvVarsInLog = 0;
		};
		7E192BE34BE2C6284CB6E789 /* [CP] Embed Pods Frameworks */ = {
			isa = PBXShellScriptBuildPhase;
			buildActionMask = 2147483647;
			files = (
			);
			inputFileListPaths = (
				"${PODS_ROOT}/Target Support Files/Pods-hseProject_1/Pods-hseProject_1-frameworks-${CONFIGURATION}-input-files.xcfilelist",
			);
			name = "[CP] Embed Pods Frameworks";
			outputFileListPaths = (
				"${PODS_ROOT}/Target Support Files/Pods-hseProject_1/Pods-hseProject_1-frameworks-${CONFIGURATION}-output-files.xcfilelist",
			);
			runOnlyForDeploymentPostprocessing = 0;
			shellPath = /bin/sh;
			shellScript = "\"${PODS_ROOT}/Target Support Files/Pods-hseProject_1/Pods-hseProject_1-frameworks.sh\"\n";
			showEnvVarsInLog = 0;
		};
/* End PBXShellScriptBuildPhase section */

/* Begin PBXSourcesBuildPhase section */
		2137EEB324D054FF009B19FD /* Sources */ = {
			isa = PBXSourcesBuildPhase;
			buildActionMask = 2147483647;
			files = (
				74754F5A24E296CE008F07A3 /* NetworkSensorData.swift in Sources */,
				7480039224E13D24006DEBDE /* LabelRightSideCustomClass.swift in Sources */,
				7457B97D24DF26F100C16A0E /* NetworkRoomConfig.swift in Sources */,
				7457B97624DDCC4C00C16A0E /* ViewCustomClass.swift in Sources */,
				2137EEBF24D054FF009B19FD /* ViewController.swift in Sources */,
				748003A224E14457006DEBDE /* ButtonRightSideCustomClass.swift in Sources */,
				7480039C24E1406A006DEBDE /* LabelLeftSideCustomClass.swift in Sources */,
				216D2B7824D5C30900CFFF02 /* ButtonCustomClass.swift in Sources */,
				2137EEBB24D054FF009B19FD /* AppDelegate.swift in Sources */,
				7480039E24E14203006DEBDE /* LabelGradientCustomClass.swift in Sources */,
				747CE29F24DFE689002FEB50 /* RoomsInfo.swift in Sources */,
				2137EEBD24D054FF009B19FD /* SceneDelegate.swift in Sources */,
				7480039824E13F85006DEBDE /* ImageViewLeftSideCustomClass.swift in Sources */,
				747CE29D24DFE65E002FEB50 /* Room.swift in Sources */,
				7480039624E13ED4006DEBDE /* ButtonLeftSideCustomClass.swift in Sources */,
				743B8FC624E2EE5B009A929A /* ActivityIndicator.swift in Sources */,
			);
			runOnlyForDeploymentPostprocessing = 0;
		};
/* End PBXSourcesBuildPhase section */

/* Begin PBXVariantGroup section */
		2137EEC024D054FF009B19FD /* Main.storyboard */ = {
			isa = PBXVariantGroup;
			children = (
				2137EEC124D054FF009B19FD /* Base */,
			);
			name = Main.storyboard;
			sourceTree = "<group>";
		};
		2137EEC524D05504009B19FD /* LaunchScreen.storyboard */ = {
			isa = PBXVariantGroup;
			children = (
				2137EEC624D05504009B19FD /* Base */,
			);
			name = LaunchScreen.storyboard;
			sourceTree = "<group>";
		};
/* End PBXVariantGroup section */

/* Begin XCBuildConfiguration section */
		2137EEC924D05504009B19FD /* Debug */ = {
			isa = XCBuildConfiguration;
			buildSettings = {
				ALWAYS_SEARCH_USER_PATHS = NO;
				CLANG_ANALYZER_NONNULL = YES;
				CLANG_ANALYZER_NUMBER_OBJECT_CONVERSION = YES_AGGRESSIVE;
				CLANG_CXX_LANGUAGE_STANDARD = "gnu++14";
				CLANG_CXX_LIBRARY = "libc++";
				CLANG_ENABLE_MODULES = YES;
				CLANG_ENABLE_OBJC_ARC = YES;
				CLANG_ENABLE_OBJC_WEAK = YES;
				CLANG_WARN_BLOCK_CAPTURE_AUTORELEASING = YES;
				CLANG_WARN_BOOL_CONVERSION = YES;
				CLANG_WARN_COMMA = YES;
				CLANG_WARN_CONSTANT_CONVERSION = YES;
				CLANG_WARN_DEPRECATED_OBJC_IMPLEMENTATIONS = YES;
				CLANG_WARN_DIRECT_OBJC_ISA_USAGE = YES_ERROR;
				CLANG_WARN_DOCUMENTATION_COMMENTS = YES;
				CLANG_WARN_EMPTY_BODY = YES;
				CLANG_WARN_ENUM_CONVERSION = YES;
				CLANG_WARN_INFINITE_RECURSION = YES;
				CLANG_WARN_INT_CONVERSION = YES;
				CLANG_WARN_NON_LITERAL_NULL_CONVERSION = YES;
				CLANG_WARN_OBJC_IMPLICIT_RETAIN_SELF = YES;
				CLANG_WARN_OBJC_LITERAL_CONVERSION = YES;
				CLANG_WARN_OBJC_ROOT_CLASS = YES_ERROR;
				CLANG_WARN_RANGE_LOOP_ANALYSIS = YES;
				CLANG_WARN_STRICT_PROTOTYPES = YES;
				CLANG_WARN_SUSPICIOUS_MOVE = YES;
				CLANG_WARN_UNGUARDED_AVAILABILITY = YES_AGGRESSIVE;
				CLANG_WARN_UNREACHABLE_CODE = YES;
				CLANG_WARN__DUPLICATE_METHOD_MATCH = YES;
				COPY_PHASE_STRIP = NO;
				DEBUG_INFORMATION_FORMAT = dwarf;
				ENABLE_STRICT_OBJC_MSGSEND = YES;
				ENABLE_TESTABILITY = YES;
				GCC_C_LANGUAGE_STANDARD = gnu11;
				GCC_DYNAMIC_NO_PIC = NO;
				GCC_NO_COMMON_BLOCKS = YES;
				GCC_OPTIMIZATION_LEVEL = 0;
				GCC_PREPROCESSOR_DEFINITIONS = (
					"DEBUG=1",
					"$(inherited)",
				);
				GCC_WARN_64_TO_32_BIT_CONVERSION = YES;
				GCC_WARN_ABOUT_RETURN_TYPE = YES_ERROR;
				GCC_WARN_UNDECLARED_SELECTOR = YES;
				GCC_WARN_UNINITIALIZED_AUTOS = YES_AGGRESSIVE;
				GCC_WARN_UNUSED_FUNCTION = YES;
				GCC_WARN_UNUSED_VARIABLE = YES;
				IPHONEOS_DEPLOYMENT_TARGET = 13.6;
				MTL_ENABLE_DEBUG_INFO = INCLUDE_SOURCE;
				MTL_FAST_MATH = YES;
				ONLY_ACTIVE_ARCH = YES;
				SDKROOT = iphoneos;
				SWIFT_ACTIVE_COMPILATION_CONDITIONS = DEBUG;
				SWIFT_OPTIMIZATION_LEVEL = "-Onone";
			};
			name = Debug;
		};
		2137EECA24D05504009B19FD /* Release */ = {
			isa = XCBuildConfiguration;
			buildSettings = {
				ALWAYS_SEARCH_USER_PATHS = NO;
				CLANG_ANALYZER_NONNULL = YES;
				CLANG_ANALYZER_NUMBER_OBJECT_CONVERSION = YES_AGGRESSIVE;
				CLANG_CXX_LANGUAGE_STANDARD = "gnu++14";
				CLANG_CXX_LIBRARY = "libc++";
				CLANG_ENABLE_MODULES = YES;
				CLANG_ENABLE_OBJC_ARC = YES;
				CLANG_ENABLE_OBJC_WEAK = YES;
				CLANG_WARN_BLOCK_CAPTURE_AUTORELEASING = YES;
				CLANG_WARN_BOOL_CONVERSION = YES;
				CLANG_WARN_COMMA = YES;
				CLANG_WARN_CONSTANT_CONVERSION = YES;
				CLANG_WARN_DEPRECATED_OBJC_IMPLEMENTATIONS = YES;
				CLANG_WARN_DIRECT_OBJC_ISA_USAGE = YES_ERROR;
				CLANG_WARN_DOCUMENTATION_COMMENTS = YES;
				CLANG_WARN_EMPTY_BODY = YES;
				CLANG_WARN_ENUM_CONVERSION = YES;
				CLANG_WARN_INFINITE_RECURSION = YES;
				CLANG_WARN_INT_CONVERSION = YES;
				CLANG_WARN_NON_LITERAL_NULL_CONVERSION = YES;
				CLANG_WARN_OBJC_IMPLICIT_RETAIN_SELF = YES;
				CLANG_WARN_OBJC_LITERAL_CONVERSION = YES;
				CLANG_WARN_OBJC_ROOT_CLASS = YES_ERROR;
				CLANG_WARN_RANGE_LOOP_ANALYSIS = YES;
				CLANG_WARN_STRICT_PROTOTYPES = YES;
				CLANG_WARN_SUSPICIOUS_MOVE = YES;
				CLANG_WARN_UNGUARDED_AVAILABILITY = YES_AGGRESSIVE;
				CLANG_WARN_UNREACHABLE_CODE = YES;
				CLANG_WARN__DUPLICATE_METHOD_MATCH = YES;
				COPY_PHASE_STRIP = NO;
				DEBUG_INFORMATION_FORMAT = "dwarf-with-dsym";
				ENABLE_NS_ASSERTIONS = NO;
				ENABLE_STRICT_OBJC_MSGSEND = YES;
				GCC_C_LANGUAGE_STANDARD = gnu11;
				GCC_NO_COMMON_BLOCKS = YES;
				GCC_WARN_64_TO_32_BIT_CONVERSION = YES;
				GCC_WARN_ABOUT_RETURN_TYPE = YES_ERROR;
				GCC_WARN_UNDECLARED_SELECTOR = YES;
				GCC_WARN_UNINITIALIZED_AUTOS = YES_AGGRESSIVE;
				GCC_WARN_UNUSED_FUNCTION = YES;
				GCC_WARN_UNUSED_VARIABLE = YES;
				IPHONEOS_DEPLOYMENT_TARGET = 13.6;
				MTL_ENABLE_DEBUG_INFO = NO;
				MTL_FAST_MATH = YES;
				SDKROOT = iphoneos;
				SWIFT_COMPILATION_MODE = wholemodule;
				SWIFT_OPTIMIZATION_LEVEL = "-O";
				VALIDATE_PRODUCT = YES;
			};
			name = Release;
		};
		2137EECC24D05504009B19FD /* Debug */ = {
			isa = XCBuildConfiguration;
			baseConfigurationReference = 1E75F60322565876F9C445EA /* Pods-hseProject_1.debug.xcconfig */;
			buildSettings = {
				ASSETCATALOG_COMPILER_APPICON_NAME = AppIcon;
				CODE_SIGN_STYLE = Automatic;
				DEVELOPMENT_TEAM = 2NR48U86L7;
				INFOPLIST_FILE = hseProject_1/Configuration/Info.plist;
				LD_RUNPATH_SEARCH_PATHS = (
					"$(inherited)",
					"@executable_path/Frameworks",
				);
				PRODUCT_BUNDLE_IDENTIFIER = "com.nigmetzyanov.hseProject-1";
				PRODUCT_NAME = "$(TARGET_NAME)";
				SWIFT_VERSION = 5.0;
				TARGETED_DEVICE_FAMILY = 1;
			};
			name = Debug;
		};
		2137EECD24D05504009B19FD /* Release */ = {
			isa = XCBuildConfiguration;
			baseConfigurationReference = 8BCF395DEDF0840DC0E85C22 /* Pods-hseProject_1.release.xcconfig */;
			buildSettings = {
				ASSETCATALOG_COMPILER_APPICON_NAME = AppIcon;
				CODE_SIGN_STYLE = Automatic;
				DEVELOPMENT_TEAM = 2NR48U86L7;
				INFOPLIST_FILE = hseProject_1/Configuration/Info.plist;
				LD_RUNPATH_SEARCH_PATHS = (
					"$(inherited)",
					"@executable_path/Frameworks",
				);
				PRODUCT_BUNDLE_IDENTIFIER = "com.nigmetzyanov.hseProject-1";
				PRODUCT_NAME = "$(TARGET_NAME)";
				SWIFT_VERSION = 5.0;
				TARGETED_DEVICE_FAMILY = 1;
			};
			name = Release;
		};
/* End XCBuildConfiguration section */

/* Begin XCConfigurationList section */
		2137EEB224D054FF009B19FD /* Build configuration list for PBXProject "hseProject_1" */ = {
			isa = XCConfigurationList;
			buildConfigurations = (
				2137EEC924D05504009B19FD /* Debug */,
				2137EECA24D05504009B19FD /* Release */,
			);
			defaultConfigurationIsVisible = 0;
			defaultConfigurationName = Release;
		};
		2137EECB24D05504009B19FD /* Build configuration list for PBXNativeTarget "hseProject_1" */ = {
			isa = XCConfigurationList;
			buildConfigurations = (
				2137EECC24D05504009B19FD /* Debug */,
				2137EECD24D05504009B19FD /* Release */,
			);
			defaultConfigurationIsVisible = 0;
			defaultConfigurationName = Release;
		};
/* End XCConfigurationList section */
	};
	rootObject = 2137EEAF24D054FF009B19FD /* Project object */;
}
